// !$*UTF8*$!
{
	archiveVersion = 1;
	classes = {
	};
	objectVersion = 46;
	objects = {

/* Begin PBXBuildFile section */
		5F23715462BFA09088A273A3 /* UploadCommand.m in Sources */ = {isa = PBXBuildFile; fileRef = 5F2370C39D60AE168097C05C /* UploadCommand.m */; };
		5F23723F7B39298A11B6CB21 /* LsCommand.h in CopyFiles */ = {isa = PBXBuildFile; fileRef = 5F237B6DF4680829830666F9 /* LsCommand.h */; };
		5F2374027A051703D045EC17 /* ADNFile.h in CopyFiles */ = {isa = PBXBuildFile; fileRef = 5F2374343F648724555A4F33 /* ADNFile.h */; };
		5F2375FF402AD8E87B23048B /* LsCommand.m in Sources */ = {isa = PBXBuildFile; fileRef = 5F23700E04DD8F1511814264 /* LsCommand.m */; };
		5F23760D68C015450659EDC1 /* DownloadCommand.h in CopyFiles */ = {isa = PBXBuildFile; fileRef = 5F237C83E7993BD23B26CA42 /* DownloadCommand.h */; };
		5F237680B822AEBA7696A403 /* ADNFile.m in Sources */ = {isa = PBXBuildFile; fileRef = 5F237098E0588D727AABD325 /* ADNFile.m */; };
		5F23783D63A244A8236FF827 /* ADNMessage.m in Sources */ = {isa = PBXBuildFile; fileRef = 5F2375EF1A33A13AD2218C9A /* ADNMessage.m */; };
		5F23787F0A3D4549746F953C /* ADNUserDescription.h in CopyFiles */ = {isa = PBXBuildFile; fileRef = 5F237CC24925193B771DADFA /* ADNUserDescription.h */; };
		5F23788005A250218BC639A3 /* SendCommand.m in Sources */ = {isa = PBXBuildFile; fileRef = 5F237CF25F16BE1AB595D370 /* SendCommand.m */; };
		5F2379E22EC302A454C800F8 /* DownloadCommand.m in Sources */ = {isa = PBXBuildFile; fileRef = 5F237A3B099660DF7F93200E /* DownloadCommand.m */; };
		5F237A0B0A517DB7EBE6926B /* ADNUserDescription.m in Sources */ = {isa = PBXBuildFile; fileRef = 5F2379722EA1CB3B2969A792 /* ADNUserDescription.m */; };
		5F237AC322044FFB6F4BFEA1 /* MessagesCommand.m in Sources */ = {isa = PBXBuildFile; fileRef = 5F23732DDFB65635F0971665 /* MessagesCommand.m */; };
		5F237C5E9AE7B797B3EB6E1C /* UsersCommand.m in Sources */ = {isa = PBXBuildFile; fileRef = 5F2371A2572D6E22B13CB3C8 /* UsersCommand.m */; };
		5F237F23756A64B37D38C06C /* UploadCommand.h in CopyFiles */ = {isa = PBXBuildFile; fileRef = 5F237AFC9661EA6E24D76E41 /* UploadCommand.h */; };
		C70028F816F330DF00D5B222 /* ADNResponse.m in Sources */ = {isa = PBXBuildFile; fileRef = C70028F716F330DF00D5B222 /* ADNResponse.m */; };
		C70028FB16F37A5700D5B222 /* NSDictionary+JSONMapping.m in Sources */ = {isa = PBXBuildFile; fileRef = C70028FA16F37A5700D5B222 /* NSDictionary+JSONMapping.m */; };
		C71BF686172D42E6004C228B /* SSKeychain.m in Sources */ = {isa = PBXBuildFile; fileRef = C71BF683172D42E6004C228B /* SSKeychain.m */; };
		C71BF687172D42E6004C228B /* SSKeychainQuery.m in Sources */ = {isa = PBXBuildFile; fileRef = C71BF685172D42E6004C228B /* SSKeychainQuery.m */; };
		C71BF68B172FD27C004C228B /* WrySettings.m in Sources */ = {isa = PBXBuildFile; fileRef = C71BF68A172FD27C004C228B /* WrySettings.m */; };
		C71BF68F1731BF0D004C228B /* NSString+Atification.m in Sources */ = {isa = PBXBuildFile; fileRef = C71BF68E1731BF0D004C228B /* NSString+Atification.m */; };
		C72BF7B11710C96600F0039D /* TEXTFormatter.m in Sources */ = {isa = PBXBuildFile; fileRef = C72BF7B01710C96600F0039D /* TEXTFormatter.m */; };
		C72BF7B41710CA2800F0039D /* JSONFormatter.m in Sources */ = {isa = PBXBuildFile; fileRef = C72BF7B31710CA2700F0039D /* JSONFormatter.m */; };
		C72BF7B71711990B00F0039D /* ALFREDFormatter.m in Sources */ = {isa = PBXBuildFile; fileRef = C72BF7B61711990B00F0039D /* ALFREDFormatter.m */; };
		C72BF7BA1711F15700F0039D /* CommandsCommand.m in Sources */ = {isa = PBXBuildFile; fileRef = C72BF7B91711F15700F0039D /* CommandsCommand.m */; };
		C744E46A16FA85400002A9A5 /* VersionCommand.m in Sources */ = {isa = PBXBuildFile; fileRef = C744E46916FA85400002A9A5 /* VersionCommand.m */; };
		C744E46D16FA8E2D0002A9A5 /* FollowersCommand.m in Sources */ = {isa = PBXBuildFile; fileRef = C744E46C16FA8E2D0002A9A5 /* FollowersCommand.m */; };
		C744E47016FA9D010002A9A5 /* FollowingCommand.m in Sources */ = {isa = PBXBuildFile; fileRef = C744E46F16FA9D010002A9A5 /* FollowingCommand.m */; };
		C744E47316FA9F670002A9A5 /* FollowCommand.m in Sources */ = {isa = PBXBuildFile; fileRef = C744E47216FA9F670002A9A5 /* FollowCommand.m */; };
		C744E47616FB09B10002A9A5 /* ReplyCommand.m in Sources */ = {isa = PBXBuildFile; fileRef = C744E47516FB09B00002A9A5 /* ReplyCommand.m */; };
		C744E47916FC76EB0002A9A5 /* RepostCommand.m in Sources */ = {isa = PBXBuildFile; fileRef = C744E47816FC76EA0002A9A5 /* RepostCommand.m */; };
		C744E47C16FC8E920002A9A5 /* StarCommand.m in Sources */ = {isa = PBXBuildFile; fileRef = C744E47B16FC8E900002A9A5 /* StarCommand.m */; };
		C744E47F16FC932D0002A9A5 /* DeleteCommand.m in Sources */ = {isa = PBXBuildFile; fileRef = C744E47E16FC932C0002A9A5 /* DeleteCommand.m */; };
		C744E48217012B3A0002A9A5 /* ReadCommand.m in Sources */ = {isa = PBXBuildFile; fileRef = C744E48117012B380002A9A5 /* ReadCommand.m */; };
		C744E485170131970002A9A5 /* MentionsCommand.m in Sources */ = {isa = PBXBuildFile; fileRef = C744E484170131970002A9A5 /* MentionsCommand.m */; };
		C744E4881701B93C0002A9A5 /* UnfollowCommand.m in Sources */ = {isa = PBXBuildFile; fileRef = C744E4871701B93A0002A9A5 /* UnfollowCommand.m */; };
		C744E48B1701D5D20002A9A5 /* MuteCommand.m in Sources */ = {isa = PBXBuildFile; fileRef = C744E48A1701D5D00002A9A5 /* MuteCommand.m */; };
		C744E48E1701D6860002A9A5 /* UnmuteCommand.m in Sources */ = {isa = PBXBuildFile; fileRef = C744E48D1701D6850002A9A5 /* UnmuteCommand.m */; };
		C744E4911701DA590002A9A5 /* MutedCommand.m in Sources */ = {isa = PBXBuildFile; fileRef = C744E4901701DA560002A9A5 /* MutedCommand.m */; };
		C744E494170204F10002A9A5 /* RepliesCommand.m in Sources */ = {isa = PBXBuildFile; fileRef = C744E493170204EE0002A9A5 /* RepliesCommand.m */; };
		C744E49717020EDB0002A9A5 /* PostsCommand.m in Sources */ = {isa = PBXBuildFile; fileRef = C744E49617020ED90002A9A5 /* PostsCommand.m */; };
		C744E49A170230920002A9A5 /* BlockCommand.m in Sources */ = {isa = PBXBuildFile; fileRef = C744E4991702308E0002A9A5 /* BlockCommand.m */; };
		C744E49D170230A70002A9A5 /* UnblockCommand.m in Sources */ = {isa = PBXBuildFile; fileRef = C744E49C170230A40002A9A5 /* UnblockCommand.m */; };
		C744E4A317025E240002A9A5 /* SearchCommand.m in Sources */ = {isa = PBXBuildFile; fileRef = C744E4A217025E200002A9A5 /* SearchCommand.m */; };
		C744E4A61702779F0002A9A5 /* WryUtils.m in Sources */ = {isa = PBXBuildFile; fileRef = C744E4A51702779B0002A9A5 /* WryUtils.m */; };
		C744E4A9170502EA0002A9A5 /* FindCommand.m in Sources */ = {isa = PBXBuildFile; fileRef = C744E4A8170502E50002A9A5 /* FindCommand.m */; };
		C784325B16EA02FA000DED40 /* Foundation.framework in Frameworks */ = {isa = PBXBuildFile; fileRef = C784325A16EA02FA000DED40 /* Foundation.framework */; };
		C784325E16EA02FA000DED40 /* main.m in Sources */ = {isa = PBXBuildFile; fileRef = C784325D16EA02FA000DED40 /* main.m */; };
		C784326216EA02FA000DED40 /* wry.1 in CopyFiles */ = {isa = PBXBuildFile; fileRef = C784326116EA02FA000DED40 /* wry.1 */; };
		C784326A16EBBA0F000DED40 /* WryApplication.m in Sources */ = {isa = PBXBuildFile; fileRef = C784326916EBBA0F000DED40 /* WryApplication.m */; };
		C784327416ED2DF2000DED40 /* HelpCommand.m in Sources */ = {isa = PBXBuildFile; fileRef = C784327316ED2DF2000DED40 /* HelpCommand.m */; };
		C784327716EF2611000DED40 /* AuthorizeCommand.m in Sources */ = {isa = PBXBuildFile; fileRef = C784327616EF2611000DED40 /* AuthorizeCommand.m */; };
		C784327C16EF4955000DED40 /* Security.framework in Frameworks */ = {isa = PBXBuildFile; fileRef = C784327B16EF4955000DED40 /* Security.framework */; };
		C784327F16EF8565000DED40 /* ADNPost.m in Sources */ = {isa = PBXBuildFile; fileRef = C784327E16EF8565000DED40 /* ADNPost.m */; };
		C784328316EF85A8000DED40 /* ADNUser.m in Sources */ = {isa = PBXBuildFile; fileRef = C784328216EF85A8000DED40 /* ADNUser.m */; };
		C784328916EF8AA8000DED40 /* ADNService.m in Sources */ = {isa = PBXBuildFile; fileRef = C784328816EF8AA8000DED40 /* ADNService.m */; };
		C784329216EFE7B7000DED40 /* UserCommand.m in Sources */ = {isa = PBXBuildFile; fileRef = C784329116EFE7B7000DED40 /* UserCommand.m */; };
		C784329516F0D8D4000DED40 /* RWJSONMapping.m in Sources */ = {isa = PBXBuildFile; fileRef = C784329416F0D8D4000DED40 /* RWJSONMapping.m */; };
		C784329916F0DC21000DED40 /* ADNMappingProvider.m in Sources */ = {isa = PBXBuildFile; fileRef = C784329816F0DC21000DED40 /* ADNMappingProvider.m */; };
		C78C5BD81740E4E700F5C806 /* ADNChannel.m in Sources */ = {isa = PBXBuildFile; fileRef = C78C5BD71740E4E700F5C806 /* ADNChannel.m */; };
		C78C5BDE1740EA0C00F5C806 /* ChannelsCommand.m in Sources */ = {isa = PBXBuildFile; fileRef = C78C5BDD1740EA0C00F5C806 /* ChannelsCommand.m */; };
		C7CCEB6E16F5E3EE005DDBAB /* GlobalCommand.m in Sources */ = {isa = PBXBuildFile; fileRef = C7CCEB6D16F5E3EE005DDBAB /* GlobalCommand.m */; };
		C7CCEB7116F5E7C9005DDBAB /* StreamCommand.m in Sources */ = {isa = PBXBuildFile; fileRef = C7CCEB7016F5E7C9005DDBAB /* StreamCommand.m */; };
		C7CCEB7716F5EBCF005DDBAB /* UnifiedCommand.m in Sources */ = {isa = PBXBuildFile; fileRef = C7CCEB7616F5EBCF005DDBAB /* UnifiedCommand.m */; };
		C7CCEB7A16F60B83005DDBAB /* PostCommand.m in Sources */ = {isa = PBXBuildFile; fileRef = C7CCEB7916F60B83005DDBAB /* PostCommand.m */; };
/* End PBXBuildFile section */

/* Begin PBXCopyFilesBuildPhase section */
		C784325516EA02FA000DED40 /* CopyFiles */ = {
			isa = PBXCopyFilesBuildPhase;
			buildActionMask = 2147483647;
			dstPath = /usr/share/man/man1/;
			dstSubfolderSpec = 0;
			files = (
				C784326216EA02FA000DED40 /* wry.1 in CopyFiles */,
				5F23787F0A3D4549746F953C /* ADNUserDescription.h in CopyFiles */,
				5F237F23756A64B37D38C06C /* UploadCommand.h in CopyFiles */,
				5F2374027A051703D045EC17 /* ADNFile.h in CopyFiles */,
				5F23723F7B39298A11B6CB21 /* LsCommand.h in CopyFiles */,
				5F23760D68C015450659EDC1 /* DownloadCommand.h in CopyFiles */,
			);
			runOnlyForDeploymentPostprocessing = 1;
		};
/* End PBXCopyFilesBuildPhase section */

/* Begin PBXFileReference section */
		5F23700E04DD8F1511814264 /* LsCommand.m */ = {isa = PBXFileReference; fileEncoding = 4; lastKnownFileType = sourcecode.c.objc; path = LsCommand.m; sourceTree = "<group>"; };
		5F237098E0588D727AABD325 /* ADNFile.m */ = {isa = PBXFileReference; fileEncoding = 4; lastKnownFileType = sourcecode.c.objc; path = ADNFile.m; sourceTree = "<group>"; };
		5F2370C39D60AE168097C05C /* UploadCommand.m */ = {isa = PBXFileReference; fileEncoding = 4; lastKnownFileType = sourcecode.c.objc; path = UploadCommand.m; sourceTree = "<group>"; };
		5F2370EA3BE5E0ADEEB84CDE /* ADNMessage.h */ = {isa = PBXFileReference; fileEncoding = 4; lastKnownFileType = sourcecode.c.h; path = ADNMessage.h; sourceTree = "<group>"; };
		5F2371A2572D6E22B13CB3C8 /* UsersCommand.m */ = {isa = PBXFileReference; fileEncoding = 4; lastKnownFileType = sourcecode.c.objc; path = UsersCommand.m; sourceTree = "<group>"; };
		5F23732DDFB65635F0971665 /* MessagesCommand.m */ = {isa = PBXFileReference; fileEncoding = 4; lastKnownFileType = sourcecode.c.objc; path = MessagesCommand.m; sourceTree = "<group>"; };
		5F2374343F648724555A4F33 /* ADNFile.h */ = {isa = PBXFileReference; fileEncoding = 4; lastKnownFileType = sourcecode.c.h; path = ADNFile.h; sourceTree = "<group>"; };
		5F2374BAC4D93E3A7583A83B /* UsersCommand.h */ = {isa = PBXFileReference; fileEncoding = 4; lastKnownFileType = sourcecode.c.h; path = UsersCommand.h; sourceTree = "<group>"; };
		5F2375EF1A33A13AD2218C9A /* ADNMessage.m */ = {isa = PBXFileReference; fileEncoding = 4; lastKnownFileType = sourcecode.c.objc; path = ADNMessage.m; sourceTree = "<group>"; };
		5F2376B9F411368597D162B3 /* SendCommand.h */ = {isa = PBXFileReference; fileEncoding = 4; lastKnownFileType = sourcecode.c.h; path = SendCommand.h; sourceTree = "<group>"; };
		5F2376F60DE9FCFA48020C67 /* MessagesCommand.h */ = {isa = PBXFileReference; fileEncoding = 4; lastKnownFileType = sourcecode.c.h; path = MessagesCommand.h; sourceTree = "<group>"; };
		5F2379722EA1CB3B2969A792 /* ADNUserDescription.m */ = {isa = PBXFileReference; fileEncoding = 4; lastKnownFileType = sourcecode.c.objc; path = ADNUserDescription.m; sourceTree = "<group>"; };
		5F237A3B099660DF7F93200E /* DownloadCommand.m */ = {isa = PBXFileReference; fileEncoding = 4; lastKnownFileType = sourcecode.c.objc; path = DownloadCommand.m; sourceTree = "<group>"; };
		5F237AFC9661EA6E24D76E41 /* UploadCommand.h */ = {isa = PBXFileReference; fileEncoding = 4; lastKnownFileType = sourcecode.c.h; path = UploadCommand.h; sourceTree = "<group>"; };
		5F237B6DF4680829830666F9 /* LsCommand.h */ = {isa = PBXFileReference; fileEncoding = 4; lastKnownFileType = sourcecode.c.h; path = LsCommand.h; sourceTree = "<group>"; };
		5F237C83E7993BD23B26CA42 /* DownloadCommand.h */ = {isa = PBXFileReference; fileEncoding = 4; lastKnownFileType = sourcecode.c.h; path = DownloadCommand.h; sourceTree = "<group>"; };
		5F237CC24925193B771DADFA /* ADNUserDescription.h */ = {isa = PBXFileReference; fileEncoding = 4; lastKnownFileType = sourcecode.c.h; path = ADNUserDescription.h; sourceTree = "<group>"; };
		5F237CF25F16BE1AB595D370 /* SendCommand.m */ = {isa = PBXFileReference; fileEncoding = 4; lastKnownFileType = sourcecode.c.objc; path = SendCommand.m; sourceTree = "<group>"; };
		7E741D72DB884AC0A9AC4C6E /* libPods.a */ = {isa = PBXFileReference; explicitFileType = archive.ar; includeInIndex = 0; path = libPods.a; sourceTree = BUILT_PRODUCTS_DIR; };
		C70028F616F330DF00D5B222 /* ADNResponse.h */ = {isa = PBXFileReference; fileEncoding = 4; lastKnownFileType = sourcecode.c.h; path = ADNResponse.h; sourceTree = "<group>"; };
		C70028F716F330DF00D5B222 /* ADNResponse.m */ = {isa = PBXFileReference; fileEncoding = 4; lastKnownFileType = sourcecode.c.objc; path = ADNResponse.m; sourceTree = "<group>"; };
		C70028F916F37A5700D5B222 /* NSDictionary+JSONMapping.h */ = {isa = PBXFileReference; fileEncoding = 4; lastKnownFileType = sourcecode.c.h; path = "NSDictionary+JSONMapping.h"; sourceTree = "<group>"; };
		C70028FA16F37A5700D5B222 /* NSDictionary+JSONMapping.m */ = {isa = PBXFileReference; fileEncoding = 4; lastKnownFileType = sourcecode.c.objc; path = "NSDictionary+JSONMapping.m"; sourceTree = "<group>"; };
		C71BF682172D42E6004C228B /* SSKeychain.h */ = {isa = PBXFileReference; fileEncoding = 4; lastKnownFileType = sourcecode.c.h; path = SSKeychain.h; sourceTree = "<group>"; };
		C71BF683172D42E6004C228B /* SSKeychain.m */ = {isa = PBXFileReference; fileEncoding = 4; lastKnownFileType = sourcecode.c.objc; path = SSKeychain.m; sourceTree = "<group>"; };
		C71BF684172D42E6004C228B /* SSKeychainQuery.h */ = {isa = PBXFileReference; fileEncoding = 4; lastKnownFileType = sourcecode.c.h; path = SSKeychainQuery.h; sourceTree = "<group>"; };
		C71BF685172D42E6004C228B /* SSKeychainQuery.m */ = {isa = PBXFileReference; fileEncoding = 4; lastKnownFileType = sourcecode.c.objc; path = SSKeychainQuery.m; sourceTree = "<group>"; };
		C71BF689172FD27C004C228B /* WrySettings.h */ = {isa = PBXFileReference; fileEncoding = 4; lastKnownFileType = sourcecode.c.h; path = WrySettings.h; sourceTree = "<group>"; };
		C71BF68A172FD27C004C228B /* WrySettings.m */ = {isa = PBXFileReference; fileEncoding = 4; lastKnownFileType = sourcecode.c.objc; path = WrySettings.m; sourceTree = "<group>"; };
		C71BF68D1731BF0D004C228B /* NSString+Atification.h */ = {isa = PBXFileReference; fileEncoding = 4; lastKnownFileType = sourcecode.c.h; path = "NSString+Atification.h"; sourceTree = "<group>"; };
		C71BF68E1731BF0D004C228B /* NSString+Atification.m */ = {isa = PBXFileReference; fileEncoding = 4; lastKnownFileType = sourcecode.c.objc; path = "NSString+Atification.m"; sourceTree = "<group>"; };
		C72BF7AD1710C91800F0039D /* WryFormatter.h */ = {isa = PBXFileReference; fileEncoding = 4; lastKnownFileType = sourcecode.c.h; path = WryFormatter.h; sourceTree = "<group>"; };
		C72BF7AF1710C96600F0039D /* TEXTFormatter.h */ = {isa = PBXFileReference; fileEncoding = 4; lastKnownFileType = sourcecode.c.h; path = TEXTFormatter.h; sourceTree = "<group>"; };
		C72BF7B01710C96600F0039D /* TEXTFormatter.m */ = {isa = PBXFileReference; fileEncoding = 4; lastKnownFileType = sourcecode.c.objc; path = TEXTFormatter.m; sourceTree = "<group>"; };
		C72BF7B21710CA2700F0039D /* JSONFormatter.h */ = {isa = PBXFileReference; fileEncoding = 4; lastKnownFileType = sourcecode.c.h; path = JSONFormatter.h; sourceTree = "<group>"; };
		C72BF7B31710CA2700F0039D /* JSONFormatter.m */ = {isa = PBXFileReference; fileEncoding = 4; lastKnownFileType = sourcecode.c.objc; path = JSONFormatter.m; sourceTree = "<group>"; };
		C72BF7B51711990B00F0039D /* ALFREDFormatter.h */ = {isa = PBXFileReference; fileEncoding = 4; lastKnownFileType = sourcecode.c.h; path = ALFREDFormatter.h; sourceTree = "<group>"; };
		C72BF7B61711990B00F0039D /* ALFREDFormatter.m */ = {isa = PBXFileReference; fileEncoding = 4; lastKnownFileType = sourcecode.c.objc; path = ALFREDFormatter.m; sourceTree = "<group>"; };
		C72BF7B81711F15700F0039D /* CommandsCommand.h */ = {isa = PBXFileReference; fileEncoding = 4; lastKnownFileType = sourcecode.c.h; path = CommandsCommand.h; sourceTree = "<group>"; };
		C72BF7B91711F15700F0039D /* CommandsCommand.m */ = {isa = PBXFileReference; fileEncoding = 4; lastKnownFileType = sourcecode.c.objc; path = CommandsCommand.m; sourceTree = "<group>"; };
		C744E46816FA853F0002A9A5 /* VersionCommand.h */ = {isa = PBXFileReference; fileEncoding = 4; lastKnownFileType = sourcecode.c.h; path = VersionCommand.h; sourceTree = "<group>"; };
		C744E46916FA85400002A9A5 /* VersionCommand.m */ = {isa = PBXFileReference; fileEncoding = 4; lastKnownFileType = sourcecode.c.objc; path = VersionCommand.m; sourceTree = "<group>"; };
		C744E46B16FA8E2D0002A9A5 /* FollowersCommand.h */ = {isa = PBXFileReference; fileEncoding = 4; lastKnownFileType = sourcecode.c.h; path = FollowersCommand.h; sourceTree = "<group>"; };
		C744E46C16FA8E2D0002A9A5 /* FollowersCommand.m */ = {isa = PBXFileReference; fileEncoding = 4; lastKnownFileType = sourcecode.c.objc; path = FollowersCommand.m; sourceTree = "<group>"; };
		C744E46E16FA9D010002A9A5 /* FollowingCommand.h */ = {isa = PBXFileReference; fileEncoding = 4; lastKnownFileType = sourcecode.c.h; path = FollowingCommand.h; sourceTree = "<group>"; };
		C744E46F16FA9D010002A9A5 /* FollowingCommand.m */ = {isa = PBXFileReference; fileEncoding = 4; lastKnownFileType = sourcecode.c.objc; path = FollowingCommand.m; sourceTree = "<group>"; };
		C744E47116FA9F670002A9A5 /* FollowCommand.h */ = {isa = PBXFileReference; fileEncoding = 4; lastKnownFileType = sourcecode.c.h; path = FollowCommand.h; sourceTree = "<group>"; };
		C744E47216FA9F670002A9A5 /* FollowCommand.m */ = {isa = PBXFileReference; fileEncoding = 4; lastKnownFileType = sourcecode.c.objc; path = FollowCommand.m; sourceTree = "<group>"; };
		C744E47416FB09B00002A9A5 /* ReplyCommand.h */ = {isa = PBXFileReference; fileEncoding = 4; lastKnownFileType = sourcecode.c.h; path = ReplyCommand.h; sourceTree = "<group>"; };
		C744E47516FB09B00002A9A5 /* ReplyCommand.m */ = {isa = PBXFileReference; fileEncoding = 4; lastKnownFileType = sourcecode.c.objc; path = ReplyCommand.m; sourceTree = "<group>"; };
		C744E47716FC76EA0002A9A5 /* RepostCommand.h */ = {isa = PBXFileReference; fileEncoding = 4; lastKnownFileType = sourcecode.c.h; path = RepostCommand.h; sourceTree = "<group>"; };
		C744E47816FC76EA0002A9A5 /* RepostCommand.m */ = {isa = PBXFileReference; fileEncoding = 4; lastKnownFileType = sourcecode.c.objc; path = RepostCommand.m; sourceTree = "<group>"; };
		C744E47A16FC8E900002A9A5 /* StarCommand.h */ = {isa = PBXFileReference; fileEncoding = 4; lastKnownFileType = sourcecode.c.h; path = StarCommand.h; sourceTree = "<group>"; };
		C744E47B16FC8E900002A9A5 /* StarCommand.m */ = {isa = PBXFileReference; fileEncoding = 4; lastKnownFileType = sourcecode.c.objc; path = StarCommand.m; sourceTree = "<group>"; };
		C744E47D16FC932B0002A9A5 /* DeleteCommand.h */ = {isa = PBXFileReference; fileEncoding = 4; lastKnownFileType = sourcecode.c.h; path = DeleteCommand.h; sourceTree = "<group>"; };
		C744E47E16FC932C0002A9A5 /* DeleteCommand.m */ = {isa = PBXFileReference; fileEncoding = 4; lastKnownFileType = sourcecode.c.objc; path = DeleteCommand.m; sourceTree = "<group>"; };
		C744E48017012B360002A9A5 /* ReadCommand.h */ = {isa = PBXFileReference; fileEncoding = 4; lastKnownFileType = sourcecode.c.h; path = ReadCommand.h; sourceTree = "<group>"; };
		C744E48117012B380002A9A5 /* ReadCommand.m */ = {isa = PBXFileReference; fileEncoding = 4; lastKnownFileType = sourcecode.c.objc; path = ReadCommand.m; sourceTree = "<group>"; };
		C744E483170131950002A9A5 /* MentionsCommand.h */ = {isa = PBXFileReference; fileEncoding = 4; lastKnownFileType = sourcecode.c.h; path = MentionsCommand.h; sourceTree = "<group>"; };
		C744E484170131970002A9A5 /* MentionsCommand.m */ = {isa = PBXFileReference; fileEncoding = 4; lastKnownFileType = sourcecode.c.objc; path = MentionsCommand.m; sourceTree = "<group>"; };
		C744E4861701B9390002A9A5 /* UnfollowCommand.h */ = {isa = PBXFileReference; fileEncoding = 4; lastKnownFileType = sourcecode.c.h; path = UnfollowCommand.h; sourceTree = "<group>"; };
		C744E4871701B93A0002A9A5 /* UnfollowCommand.m */ = {isa = PBXFileReference; fileEncoding = 4; lastKnownFileType = sourcecode.c.objc; path = UnfollowCommand.m; sourceTree = "<group>"; };
		C744E4891701D5CE0002A9A5 /* MuteCommand.h */ = {isa = PBXFileReference; fileEncoding = 4; lastKnownFileType = sourcecode.c.h; path = MuteCommand.h; sourceTree = "<group>"; };
		C744E48A1701D5D00002A9A5 /* MuteCommand.m */ = {isa = PBXFileReference; fileEncoding = 4; lastKnownFileType = sourcecode.c.objc; path = MuteCommand.m; sourceTree = "<group>"; };
		C744E48C1701D6830002A9A5 /* UnmuteCommand.h */ = {isa = PBXFileReference; fileEncoding = 4; lastKnownFileType = sourcecode.c.h; path = UnmuteCommand.h; sourceTree = "<group>"; };
		C744E48D1701D6850002A9A5 /* UnmuteCommand.m */ = {isa = PBXFileReference; fileEncoding = 4; lastKnownFileType = sourcecode.c.objc; path = UnmuteCommand.m; sourceTree = "<group>"; };
		C744E48F1701DA530002A9A5 /* MutedCommand.h */ = {isa = PBXFileReference; fileEncoding = 4; lastKnownFileType = sourcecode.c.h; path = MutedCommand.h; sourceTree = "<group>"; };
		C744E4901701DA560002A9A5 /* MutedCommand.m */ = {isa = PBXFileReference; fileEncoding = 4; lastKnownFileType = sourcecode.c.objc; path = MutedCommand.m; sourceTree = "<group>"; };
		C744E492170204EB0002A9A5 /* RepliesCommand.h */ = {isa = PBXFileReference; fileEncoding = 4; lastKnownFileType = sourcecode.c.h; path = RepliesCommand.h; sourceTree = "<group>"; };
		C744E493170204EE0002A9A5 /* RepliesCommand.m */ = {isa = PBXFileReference; fileEncoding = 4; lastKnownFileType = sourcecode.c.objc; path = RepliesCommand.m; sourceTree = "<group>"; };
		C744E49517020ED60002A9A5 /* PostsCommand.h */ = {isa = PBXFileReference; fileEncoding = 4; lastKnownFileType = sourcecode.c.h; path = PostsCommand.h; sourceTree = "<group>"; };
		C744E49617020ED90002A9A5 /* PostsCommand.m */ = {isa = PBXFileReference; fileEncoding = 4; lastKnownFileType = sourcecode.c.objc; path = PostsCommand.m; sourceTree = "<group>"; };
		C744E4981702308B0002A9A5 /* BlockCommand.h */ = {isa = PBXFileReference; fileEncoding = 4; lastKnownFileType = sourcecode.c.h; path = BlockCommand.h; sourceTree = "<group>"; };
		C744E4991702308E0002A9A5 /* BlockCommand.m */ = {isa = PBXFileReference; fileEncoding = 4; lastKnownFileType = sourcecode.c.objc; path = BlockCommand.m; sourceTree = "<group>"; };
		C744E49B170230A20002A9A5 /* UnblockCommand.h */ = {isa = PBXFileReference; fileEncoding = 4; lastKnownFileType = sourcecode.c.h; path = UnblockCommand.h; sourceTree = "<group>"; };
		C744E49C170230A40002A9A5 /* UnblockCommand.m */ = {isa = PBXFileReference; fileEncoding = 4; lastKnownFileType = sourcecode.c.objc; path = UnblockCommand.m; sourceTree = "<group>"; };
		C744E4A117025E1D0002A9A5 /* SearchCommand.h */ = {isa = PBXFileReference; fileEncoding = 4; lastKnownFileType = sourcecode.c.h; path = SearchCommand.h; sourceTree = "<group>"; };
		C744E4A217025E200002A9A5 /* SearchCommand.m */ = {isa = PBXFileReference; fileEncoding = 4; lastKnownFileType = sourcecode.c.objc; path = SearchCommand.m; sourceTree = "<group>"; };
		C744E4A4170277970002A9A5 /* WryUtils.h */ = {isa = PBXFileReference; fileEncoding = 4; lastKnownFileType = sourcecode.c.h; path = WryUtils.h; sourceTree = "<group>"; };
		C744E4A51702779B0002A9A5 /* WryUtils.m */ = {isa = PBXFileReference; fileEncoding = 4; lastKnownFileType = sourcecode.c.objc; path = WryUtils.m; sourceTree = "<group>"; };
		C744E4A7170502E00002A9A5 /* FindCommand.h */ = {isa = PBXFileReference; fileEncoding = 4; lastKnownFileType = sourcecode.c.h; path = FindCommand.h; sourceTree = "<group>"; };
		C744E4A8170502E50002A9A5 /* FindCommand.m */ = {isa = PBXFileReference; fileEncoding = 4; lastKnownFileType = sourcecode.c.objc; path = FindCommand.m; sourceTree = "<group>"; };
		C784325716EA02FA000DED40 /* wry */ = {isa = PBXFileReference; explicitFileType = "compiled.mach-o.executable"; includeInIndex = 0; path = wry; sourceTree = BUILT_PRODUCTS_DIR; };
		C784325A16EA02FA000DED40 /* Foundation.framework */ = {isa = PBXFileReference; lastKnownFileType = wrapper.framework; name = Foundation.framework; path = System/Library/Frameworks/Foundation.framework; sourceTree = SDKROOT; };
		C784325D16EA02FA000DED40 /* main.m */ = {isa = PBXFileReference; lastKnownFileType = sourcecode.c.objc; path = main.m; sourceTree = "<group>"; };
		C784326016EA02FA000DED40 /* wry-Prefix.pch */ = {isa = PBXFileReference; lastKnownFileType = sourcecode.c.h; path = "wry-Prefix.pch"; sourceTree = "<group>"; };
		C784326116EA02FA000DED40 /* wry.1 */ = {isa = PBXFileReference; lastKnownFileType = text.man; path = wry.1; sourceTree = "<group>"; };
		C784326816EBBA0F000DED40 /* WryApplication.h */ = {isa = PBXFileReference; fileEncoding = 4; lastKnownFileType = sourcecode.c.h; path = WryApplication.h; sourceTree = "<group>"; };
		C784326916EBBA0F000DED40 /* WryApplication.m */ = {isa = PBXFileReference; fileEncoding = 4; lastKnownFileType = sourcecode.c.objc; path = WryApplication.m; sourceTree = "<group>"; };
		C784327016ECB135000DED40 /* WryCommand.h */ = {isa = PBXFileReference; lastKnownFileType = sourcecode.c.h; path = WryCommand.h; sourceTree = "<group>"; };
		C784327216ED2DF2000DED40 /* HelpCommand.h */ = {isa = PBXFileReference; fileEncoding = 4; lastKnownFileType = sourcecode.c.h; path = HelpCommand.h; sourceTree = "<group>"; };
		C784327316ED2DF2000DED40 /* HelpCommand.m */ = {isa = PBXFileReference; fileEncoding = 4; lastKnownFileType = sourcecode.c.objc; path = HelpCommand.m; sourceTree = "<group>"; };
		C784327516EF2611000DED40 /* AuthorizeCommand.h */ = {isa = PBXFileReference; fileEncoding = 4; lastKnownFileType = sourcecode.c.h; path = AuthorizeCommand.h; sourceTree = "<group>"; };
		C784327616EF2611000DED40 /* AuthorizeCommand.m */ = {isa = PBXFileReference; fileEncoding = 4; lastKnownFileType = sourcecode.c.objc; path = AuthorizeCommand.m; sourceTree = "<group>"; };
		C784327B16EF4955000DED40 /* Security.framework */ = {isa = PBXFileReference; lastKnownFileType = wrapper.framework; name = Security.framework; path = System/Library/Frameworks/Security.framework; sourceTree = SDKROOT; };
		C784327D16EF8565000DED40 /* ADNPost.h */ = {isa = PBXFileReference; fileEncoding = 4; lastKnownFileType = sourcecode.c.h; path = ADNPost.h; sourceTree = "<group>"; };
		C784327E16EF8565000DED40 /* ADNPost.m */ = {isa = PBXFileReference; fileEncoding = 4; lastKnownFileType = sourcecode.c.objc; path = ADNPost.m; sourceTree = "<group>"; };
		C784328116EF85A8000DED40 /* ADNUser.h */ = {isa = PBXFileReference; fileEncoding = 4; lastKnownFileType = sourcecode.c.h; path = ADNUser.h; sourceTree = "<group>"; };
		C784328216EF85A8000DED40 /* ADNUser.m */ = {isa = PBXFileReference; fileEncoding = 4; lastKnownFileType = sourcecode.c.objc; path = ADNUser.m; sourceTree = "<group>"; };
		C784328716EF8AA8000DED40 /* ADNService.h */ = {isa = PBXFileReference; fileEncoding = 4; lastKnownFileType = sourcecode.c.h; path = ADNService.h; sourceTree = "<group>"; };
		C784328816EF8AA8000DED40 /* ADNService.m */ = {isa = PBXFileReference; fileEncoding = 4; lastKnownFileType = sourcecode.c.objc; path = ADNService.m; sourceTree = "<group>"; };
		C784329016EFE7B7000DED40 /* UserCommand.h */ = {isa = PBXFileReference; fileEncoding = 4; lastKnownFileType = sourcecode.c.h; path = UserCommand.h; sourceTree = "<group>"; };
		C784329116EFE7B7000DED40 /* UserCommand.m */ = {isa = PBXFileReference; fileEncoding = 4; lastKnownFileType = sourcecode.c.objc; path = UserCommand.m; sourceTree = "<group>"; };
		C784329316F0D8D4000DED40 /* RWJSONMapping.h */ = {isa = PBXFileReference; fileEncoding = 4; lastKnownFileType = sourcecode.c.h; path = RWJSONMapping.h; sourceTree = "<group>"; };
		C784329416F0D8D4000DED40 /* RWJSONMapping.m */ = {isa = PBXFileReference; fileEncoding = 4; lastKnownFileType = sourcecode.c.objc; path = RWJSONMapping.m; sourceTree = "<group>"; };
		C784329716F0DC20000DED40 /* ADNMappingProvider.h */ = {isa = PBXFileReference; fileEncoding = 4; lastKnownFileType = sourcecode.c.h; path = ADNMappingProvider.h; sourceTree = "<group>"; };
		C784329816F0DC21000DED40 /* ADNMappingProvider.m */ = {isa = PBXFileReference; fileEncoding = 4; lastKnownFileType = sourcecode.c.objc; path = ADNMappingProvider.m; sourceTree = "<group>"; };
		C78C5BD61740E4E700F5C806 /* ADNChannel.h */ = {isa = PBXFileReference; fileEncoding = 4; lastKnownFileType = sourcecode.c.h; path = ADNChannel.h; sourceTree = "<group>"; };
		C78C5BD71740E4E700F5C806 /* ADNChannel.m */ = {isa = PBXFileReference; fileEncoding = 4; lastKnownFileType = sourcecode.c.objc; path = ADNChannel.m; sourceTree = "<group>"; };
		C78C5BDC1740EA0C00F5C806 /* ChannelsCommand.h */ = {isa = PBXFileReference; fileEncoding = 4; lastKnownFileType = sourcecode.c.h; path = ChannelsCommand.h; sourceTree = "<group>"; };
		C78C5BDD1740EA0C00F5C806 /* ChannelsCommand.m */ = {isa = PBXFileReference; fileEncoding = 4; lastKnownFileType = sourcecode.c.objc; path = ChannelsCommand.m; sourceTree = "<group>"; };
		C7CCEB6C16F5E3EE005DDBAB /* GlobalCommand.h */ = {isa = PBXFileReference; fileEncoding = 4; lastKnownFileType = sourcecode.c.h; path = GlobalCommand.h; sourceTree = "<group>"; };
		C7CCEB6D16F5E3EE005DDBAB /* GlobalCommand.m */ = {isa = PBXFileReference; fileEncoding = 4; lastKnownFileType = sourcecode.c.objc; path = GlobalCommand.m; sourceTree = "<group>"; };
		C7CCEB6F16F5E7C9005DDBAB /* StreamCommand.h */ = {isa = PBXFileReference; fileEncoding = 4; lastKnownFileType = sourcecode.c.h; path = StreamCommand.h; sourceTree = "<group>"; };
		C7CCEB7016F5E7C9005DDBAB /* StreamCommand.m */ = {isa = PBXFileReference; fileEncoding = 4; lastKnownFileType = sourcecode.c.objc; path = StreamCommand.m; sourceTree = "<group>"; };
		C7CCEB7516F5EBCF005DDBAB /* UnifiedCommand.h */ = {isa = PBXFileReference; fileEncoding = 4; lastKnownFileType = sourcecode.c.h; path = UnifiedCommand.h; sourceTree = "<group>"; };
		C7CCEB7616F5EBCF005DDBAB /* UnifiedCommand.m */ = {isa = PBXFileReference; fileEncoding = 4; lastKnownFileType = sourcecode.c.objc; path = UnifiedCommand.m; sourceTree = "<group>"; };
		C7CCEB7816F60B83005DDBAB /* PostCommand.h */ = {isa = PBXFileReference; fileEncoding = 4; lastKnownFileType = sourcecode.c.h; path = PostCommand.h; sourceTree = "<group>"; };
		C7CCEB7916F60B83005DDBAB /* PostCommand.m */ = {isa = PBXFileReference; fileEncoding = 4; lastKnownFileType = sourcecode.c.objc; path = PostCommand.m; sourceTree = "<group>"; };
		C7CCEB7B16F695F6005DDBAB /* WryErrorCodes.h */ = {isa = PBXFileReference; fileEncoding = 4; lastKnownFileType = sourcecode.c.h; path = WryErrorCodes.h; sourceTree = "<group>"; };
/* End PBXFileReference section */

/* Begin PBXFrameworksBuildPhase section */
		C784325416EA02FA000DED40 /* Frameworks */ = {
			isa = PBXFrameworksBuildPhase;
			buildActionMask = 2147483647;
			files = (
				C784327C16EF4955000DED40 /* Security.framework in Frameworks */,
				C784325B16EA02FA000DED40 /* Foundation.framework in Frameworks */,
			);
			runOnlyForDeploymentPostprocessing = 0;
		};
/* End PBXFrameworksBuildPhase section */

/* Begin PBXGroup section */
		C71BF688172D42EC004C228B /* SSKeychain */ = {
			isa = PBXGroup;
			children = (
				C71BF682172D42E6004C228B /* SSKeychain.h */,
				C71BF683172D42E6004C228B /* SSKeychain.m */,
				C71BF684172D42E6004C228B /* SSKeychainQuery.h */,
				C71BF685172D42E6004C228B /* SSKeychainQuery.m */,
			);
			name = SSKeychain;
			sourceTree = "<group>";
		};
		C71BF68C1731BEE4004C228B /* Categories */ = {
			isa = PBXGroup;
			children = (
				C70028F916F37A5700D5B222 /* NSDictionary+JSONMapping.h */,
				C70028FA16F37A5700D5B222 /* NSDictionary+JSONMapping.m */,
				C71BF68D1731BF0D004C228B /* NSString+Atification.h */,
				C71BF68E1731BF0D004C228B /* NSString+Atification.m */,
			);
			name = Categories;
			sourceTree = "<group>";
		};
		C72BF7AE1710C91E00F0039D /* Formatters */ = {
			isa = PBXGroup;
			children = (
				C72BF7AD1710C91800F0039D /* WryFormatter.h */,
				C72BF7AF1710C96600F0039D /* TEXTFormatter.h */,
				C72BF7B01710C96600F0039D /* TEXTFormatter.m */,
				C72BF7B21710CA2700F0039D /* JSONFormatter.h */,
				C72BF7B31710CA2700F0039D /* JSONFormatter.m */,
				C72BF7B51711990B00F0039D /* ALFREDFormatter.h */,
				C72BF7B61711990B00F0039D /* ALFREDFormatter.m */,
			);
			name = Formatters;
			sourceTree = "<group>";
		};
		C784324E16EA02FA000DED40 = {
			isa = PBXGroup;
			children = (
				C784325C16EA02FA000DED40 /* wry */,
				C784325916EA02FA000DED40 /* Frameworks */,
				C784325816EA02FA000DED40 /* Products */,
			);
			sourceTree = "<group>";
		};
		C784325816EA02FA000DED40 /* Products */ = {
			isa = PBXGroup;
			children = (
				C784325716EA02FA000DED40 /* wry */,
			);
			name = Products;
			sourceTree = "<group>";
		};
		C784325916EA02FA000DED40 /* Frameworks */ = {
			isa = PBXGroup;
			children = (
				C784327B16EF4955000DED40 /* Security.framework */,
				C784325A16EA02FA000DED40 /* Foundation.framework */,
				7E741D72DB884AC0A9AC4C6E /* libPods.a */,
			);
			name = Frameworks;
			sourceTree = "<group>";
		};
		C784325C16EA02FA000DED40 /* wry */ = {
			isa = PBXGroup;
			children = (
				C71BF688172D42EC004C228B /* SSKeychain */,
				C784325D16EA02FA000DED40 /* main.m */,
				C784326116EA02FA000DED40 /* wry.1 */,
				C784325F16EA02FA000DED40 /* Supporting Files */,
				C784326B16EBBA16000DED40 /* Classes */,
			);
			path = wry;
			sourceTree = "<group>";
		};
		C784325F16EA02FA000DED40 /* Supporting Files */ = {
			isa = PBXGroup;
			children = (
				C784326016EA02FA000DED40 /* wry-Prefix.pch */,
			);
			name = "Supporting Files";
			sourceTree = "<group>";
		};
		C784326B16EBBA16000DED40 /* Classes */ = {
			isa = PBXGroup;
			children = (
				C71BF68C1731BEE4004C228B /* Categories */,
				C72BF7AE1710C91E00F0039D /* Formatters */,
				C784326F16ECB045000DED40 /* Commands */,
				C784328A16EF8AAF000DED40 /* ADN */,
				C784329616F0D8E4000DED40 /* RWJSON */,
				C784326816EBBA0F000DED40 /* WryApplication.h */,
				C784326916EBBA0F000DED40 /* WryApplication.m */,
				C744E4A4170277970002A9A5 /* WryUtils.h */,
				C744E4A51702779B0002A9A5 /* WryUtils.m */,
				C7CCEB7B16F695F6005DDBAB /* WryErrorCodes.h */,
				C71BF689172FD27C004C228B /* WrySettings.h */,
				C71BF68A172FD27C004C228B /* WrySettings.m */,
			);
			name = Classes;
			sourceTree = "<group>";
		};
		C784326F16ECB045000DED40 /* Commands */ = {
			isa = PBXGroup;
			children = (
				5F2376B9F411368597D162B3 /* SendCommand.h */,
				5F237CF25F16BE1AB595D370 /* SendCommand.m */,
				5F2376F60DE9FCFA48020C67 /* MessagesCommand.h */,
				5F23732DDFB65635F0971665 /* MessagesCommand.m */,
				C784327016ECB135000DED40 /* WryCommand.h */,
				C784327216ED2DF2000DED40 /* HelpCommand.h */,
				C784327316ED2DF2000DED40 /* HelpCommand.m */,
				C784327516EF2611000DED40 /* AuthorizeCommand.h */,
				C784327616EF2611000DED40 /* AuthorizeCommand.m */,
				C784329016EFE7B7000DED40 /* UserCommand.h */,
				C784329116EFE7B7000DED40 /* UserCommand.m */,
				C7CCEB6C16F5E3EE005DDBAB /* GlobalCommand.h */,
				C7CCEB6D16F5E3EE005DDBAB /* GlobalCommand.m */,
				C7CCEB6F16F5E7C9005DDBAB /* StreamCommand.h */,
				C7CCEB7016F5E7C9005DDBAB /* StreamCommand.m */,
				C7CCEB7516F5EBCF005DDBAB /* UnifiedCommand.h */,
				C7CCEB7616F5EBCF005DDBAB /* UnifiedCommand.m */,
				C7CCEB7816F60B83005DDBAB /* PostCommand.h */,
				C7CCEB7916F60B83005DDBAB /* PostCommand.m */,
				C744E46816FA853F0002A9A5 /* VersionCommand.h */,
				C744E46916FA85400002A9A5 /* VersionCommand.m */,
				C744E46B16FA8E2D0002A9A5 /* FollowersCommand.h */,
				C744E46C16FA8E2D0002A9A5 /* FollowersCommand.m */,
				C744E46E16FA9D010002A9A5 /* FollowingCommand.h */,
				C744E46F16FA9D010002A9A5 /* FollowingCommand.m */,
				C744E47116FA9F670002A9A5 /* FollowCommand.h */,
				C744E47216FA9F670002A9A5 /* FollowCommand.m */,
				C744E47416FB09B00002A9A5 /* ReplyCommand.h */,
				C744E47516FB09B00002A9A5 /* ReplyCommand.m */,
				C744E47716FC76EA0002A9A5 /* RepostCommand.h */,
				C744E47816FC76EA0002A9A5 /* RepostCommand.m */,
				C744E47A16FC8E900002A9A5 /* StarCommand.h */,
				C744E47B16FC8E900002A9A5 /* StarCommand.m */,
				C744E47D16FC932B0002A9A5 /* DeleteCommand.h */,
				C744E47E16FC932C0002A9A5 /* DeleteCommand.m */,
				C744E48017012B360002A9A5 /* ReadCommand.h */,
				C744E48117012B380002A9A5 /* ReadCommand.m */,
				C744E483170131950002A9A5 /* MentionsCommand.h */,
				C744E484170131970002A9A5 /* MentionsCommand.m */,
				C744E4861701B9390002A9A5 /* UnfollowCommand.h */,
				C744E4871701B93A0002A9A5 /* UnfollowCommand.m */,
				C744E4891701D5CE0002A9A5 /* MuteCommand.h */,
				C744E48A1701D5D00002A9A5 /* MuteCommand.m */,
				C744E48C1701D6830002A9A5 /* UnmuteCommand.h */,
				C744E48D1701D6850002A9A5 /* UnmuteCommand.m */,
				C744E48F1701DA530002A9A5 /* MutedCommand.h */,
				C744E4901701DA560002A9A5 /* MutedCommand.m */,
				C744E492170204EB0002A9A5 /* RepliesCommand.h */,
				C744E493170204EE0002A9A5 /* RepliesCommand.m */,
				C744E49517020ED60002A9A5 /* PostsCommand.h */,
				C744E49617020ED90002A9A5 /* PostsCommand.m */,
				C744E4981702308B0002A9A5 /* BlockCommand.h */,
				C744E4991702308E0002A9A5 /* BlockCommand.m */,
				C744E49B170230A20002A9A5 /* UnblockCommand.h */,
				C744E49C170230A40002A9A5 /* UnblockCommand.m */,
				C744E4A117025E1D0002A9A5 /* SearchCommand.h */,
				C744E4A217025E200002A9A5 /* SearchCommand.m */,
				C744E4A7170502E00002A9A5 /* FindCommand.h */,
				C744E4A8170502E50002A9A5 /* FindCommand.m */,
				C72BF7B81711F15700F0039D /* CommandsCommand.h */,
				C72BF7B91711F15700F0039D /* CommandsCommand.m */,
				5F237AFC9661EA6E24D76E41 /* UploadCommand.h */,
				5F2370C39D60AE168097C05C /* UploadCommand.m */,
				5F237B6DF4680829830666F9 /* LsCommand.h */,
				5F23700E04DD8F1511814264 /* LsCommand.m */,
				5F237C83E7993BD23B26CA42 /* DownloadCommand.h */,
				5F237A3B099660DF7F93200E /* DownloadCommand.m */,
				5F2374BAC4D93E3A7583A83B /* UsersCommand.h */,
				5F2371A2572D6E22B13CB3C8 /* UsersCommand.m */,
				C78C5BDC1740EA0C00F5C806 /* ChannelsCommand.h */,
				C78C5BDD1740EA0C00F5C806 /* ChannelsCommand.m */,
			);
			name = Commands;
			sourceTree = "<group>";
		};
		C784328016EF856A000DED40 /* Models */ = {
			isa = PBXGroup;
			children = (
				5F2370EA3BE5E0ADEEB84CDE /* ADNMessage.h */,
				5F2375EF1A33A13AD2218C9A /* ADNMessage.m */,
				C784327D16EF8565000DED40 /* ADNPost.h */,
				C784327E16EF8565000DED40 /* ADNPost.m */,
				C784328116EF85A8000DED40 /* ADNUser.h */,
				C784328216EF85A8000DED40 /* ADNUser.m */,
				C70028F616F330DF00D5B222 /* ADNResponse.h */,
				C70028F716F330DF00D5B222 /* ADNResponse.m */,
				5F2379722EA1CB3B2969A792 /* ADNUserDescription.m */,
				5F237CC24925193B771DADFA /* ADNUserDescription.h */,
				5F2374343F648724555A4F33 /* ADNFile.h */,
				5F237098E0588D727AABD325 /* ADNFile.m */,
				C78C5BD61740E4E700F5C806 /* ADNChannel.h */,
				C78C5BD71740E4E700F5C806 /* ADNChannel.m */,
			);
			name = Models;
			sourceTree = "<group>";
		};
		C784328A16EF8AAF000DED40 /* ADN */ = {
			isa = PBXGroup;
			children = (
				C784328016EF856A000DED40 /* Models */,
				C784328716EF8AA8000DED40 /* ADNService.h */,
				C784328816EF8AA8000DED40 /* ADNService.m */,
				C784329716F0DC20000DED40 /* ADNMappingProvider.h */,
				C784329816F0DC21000DED40 /* ADNMappingProvider.m */,
			);
			name = ADN;
			sourceTree = "<group>";
		};
		C784329616F0D8E4000DED40 /* RWJSON */ = {
			isa = PBXGroup;
			children = (
				C784329316F0D8D4000DED40 /* RWJSONMapping.h */,
				C784329416F0D8D4000DED40 /* RWJSONMapping.m */,
			);
			name = RWJSON;
			sourceTree = "<group>";
		};
/* End PBXGroup section */

/* Begin PBXNativeTarget section */
		C784325616EA02FA000DED40 /* wry */ = {
			isa = PBXNativeTarget;
			buildConfigurationList = C784326516EA02FA000DED40 /* Build configuration list for PBXNativeTarget "wry" */;
			buildPhases = (
				C784325316EA02FA000DED40 /* Sources */,
				C784325416EA02FA000DED40 /* Frameworks */,
				C784325516EA02FA000DED40 /* CopyFiles */,
			);
			buildRules = (
			);
			dependencies = (
			);
			name = wry;
			productName = wry;
			productReference = C784325716EA02FA000DED40 /* wry */;
			productType = "com.apple.product-type.tool";
		};
/* End PBXNativeTarget section */

/* Begin PBXProject section */
		C784324F16EA02FA000DED40 /* Project object */ = {
			isa = PBXProject;
			attributes = {
				LastUpgradeCheck = 0460;
				ORGANIZATIONNAME = "Rob Warner";
			};
			buildConfigurationList = C784325216EA02FA000DED40 /* Build configuration list for PBXProject "wry" */;
			compatibilityVersion = "Xcode 3.2";
			developmentRegion = English;
			hasScannedForEncodings = 0;
			knownRegions = (
				en,
			);
			mainGroup = C784324E16EA02FA000DED40;
			productRefGroup = C784325816EA02FA000DED40 /* Products */;
			projectDirPath = "";
			projectRoot = "";
			targets = (
				C784325616EA02FA000DED40 /* wry */,
			);
		};
/* End PBXProject section */

/* Begin PBXSourcesBuildPhase section */
		C784325316EA02FA000DED40 /* Sources */ = {
			isa = PBXSourcesBuildPhase;
			buildActionMask = 2147483647;
			files = (
				C784325E16EA02FA000DED40 /* main.m in Sources */,
				C784326A16EBBA0F000DED40 /* WryApplication.m in Sources */,
				C784327416ED2DF2000DED40 /* HelpCommand.m in Sources */,
				C784327716EF2611000DED40 /* AuthorizeCommand.m in Sources */,
				C784327F16EF8565000DED40 /* ADNPost.m in Sources */,
				C784328316EF85A8000DED40 /* ADNUser.m in Sources */,
				C784328916EF8AA8000DED40 /* ADNService.m in Sources */,
				C784329216EFE7B7000DED40 /* UserCommand.m in Sources */,
				C784329516F0D8D4000DED40 /* RWJSONMapping.m in Sources */,
				C784329916F0DC21000DED40 /* ADNMappingProvider.m in Sources */,
				C70028F816F330DF00D5B222 /* ADNResponse.m in Sources */,
				C70028FB16F37A5700D5B222 /* NSDictionary+JSONMapping.m in Sources */,
				5F237A0B0A517DB7EBE6926B /* ADNUserDescription.m in Sources */,
				C7CCEB6E16F5E3EE005DDBAB /* GlobalCommand.m in Sources */,
				C7CCEB7116F5E7C9005DDBAB /* StreamCommand.m in Sources */,
				C7CCEB7716F5EBCF005DDBAB /* UnifiedCommand.m in Sources */,
				C7CCEB7A16F60B83005DDBAB /* PostCommand.m in Sources */,
				C744E46A16FA85400002A9A5 /* VersionCommand.m in Sources */,
				C744E46D16FA8E2D0002A9A5 /* FollowersCommand.m in Sources */,
				C744E47016FA9D010002A9A5 /* FollowingCommand.m in Sources */,
				C744E47316FA9F670002A9A5 /* FollowCommand.m in Sources */,
				C744E47616FB09B10002A9A5 /* ReplyCommand.m in Sources */,
				C744E47916FC76EB0002A9A5 /* RepostCommand.m in Sources */,
				C744E47C16FC8E920002A9A5 /* StarCommand.m in Sources */,
				C744E47F16FC932D0002A9A5 /* DeleteCommand.m in Sources */,
				C744E48217012B3A0002A9A5 /* ReadCommand.m in Sources */,
				C744E485170131970002A9A5 /* MentionsCommand.m in Sources */,
				C744E4881701B93C0002A9A5 /* UnfollowCommand.m in Sources */,
				C744E48B1701D5D20002A9A5 /* MuteCommand.m in Sources */,
				C744E48E1701D6860002A9A5 /* UnmuteCommand.m in Sources */,
				C744E4911701DA590002A9A5 /* MutedCommand.m in Sources */,
				C744E494170204F10002A9A5 /* RepliesCommand.m in Sources */,
				C744E49717020EDB0002A9A5 /* PostsCommand.m in Sources */,
				C744E49A170230920002A9A5 /* BlockCommand.m in Sources */,
				C744E49D170230A70002A9A5 /* UnblockCommand.m in Sources */,
				C744E4A317025E240002A9A5 /* SearchCommand.m in Sources */,
				C744E4A61702779F0002A9A5 /* WryUtils.m in Sources */,
				C744E4A9170502EA0002A9A5 /* FindCommand.m in Sources */,
				C72BF7B11710C96600F0039D /* TEXTFormatter.m in Sources */,
				C72BF7B41710CA2800F0039D /* JSONFormatter.m in Sources */,
				C72BF7B71711990B00F0039D /* ALFREDFormatter.m in Sources */,
				C72BF7BA1711F15700F0039D /* CommandsCommand.m in Sources */,
				5F23715462BFA09088A273A3 /* UploadCommand.m in Sources */,
				5F237680B822AEBA7696A403 /* ADNFile.m in Sources */,
				5F2375FF402AD8E87B23048B /* LsCommand.m in Sources */,
				5F2379E22EC302A454C800F8 /* DownloadCommand.m in Sources */,
				5F237C5E9AE7B797B3EB6E1C /* UsersCommand.m in Sources */,
				C71BF686172D42E6004C228B /* SSKeychain.m in Sources */,
				C71BF687172D42E6004C228B /* SSKeychainQuery.m in Sources */,
				C71BF68B172FD27C004C228B /* WrySettings.m in Sources */,
				C71BF68F1731BF0D004C228B /* NSString+Atification.m in Sources */,
				5F237AC322044FFB6F4BFEA1 /* MessagesCommand.m in Sources */,
				5F23783D63A244A8236FF827 /* ADNMessage.m in Sources */,
				5F23788005A250218BC639A3 /* SendCommand.m in Sources */,
				C78C5BD81740E4E700F5C806 /* ADNChannel.m in Sources */,
				C78C5BDE1740EA0C00F5C806 /* ChannelsCommand.m in Sources */,
			);
			runOnlyForDeploymentPostprocessing = 0;
		};
/* End PBXSourcesBuildPhase section */

/* Begin XCBuildConfiguration section */
		C784326316EA02FA000DED40 /* Debug */ = {
			isa = XCBuildConfiguration;
			buildSettings = {
				ALWAYS_SEARCH_USER_PATHS = NO;
				ARCHS = "$(ARCHS_STANDARD_64_BIT)";
				CLANG_CXX_LANGUAGE_STANDARD = "gnu++0x";
				CLANG_CXX_LIBRARY = "libc++";
				CLANG_ENABLE_OBJC_ARC = YES;
				CLANG_WARN_CONSTANT_CONVERSION = YES;
				CLANG_WARN_EMPTY_BODY = YES;
				CLANG_WARN_ENUM_CONVERSION = YES;
				CLANG_WARN_INT_CONVERSION = YES;
				CLANG_WARN__DUPLICATE_METHOD_MATCH = YES;
				COPY_PHASE_STRIP = NO;
				GCC_C_LANGUAGE_STANDARD = gnu99;
				GCC_DYNAMIC_NO_PIC = NO;
				GCC_ENABLE_OBJC_EXCEPTIONS = YES;
				GCC_OPTIMIZATION_LEVEL = 0;
				GCC_PREPROCESSOR_DEFINITIONS = (
					"DEBUG=1",
					"$(inherited)",
				);
				GCC_SYMBOLS_PRIVATE_EXTERN = NO;
				GCC_WARN_64_TO_32_BIT_CONVERSION = YES;
				GCC_WARN_ABOUT_RETURN_TYPE = YES;
				GCC_WARN_UNINITIALIZED_AUTOS = YES;
				GCC_WARN_UNUSED_VARIABLE = YES;
				MACOSX_DEPLOYMENT_TARGET = 10.7;
				ONLY_ACTIVE_ARCH = YES;
				SDKROOT = macosx;
			};
			name = Debug;
		};
		C784326416EA02FA000DED40 /* Release */ = {
			isa = XCBuildConfiguration;
			buildSettings = {
				ALWAYS_SEARCH_USER_PATHS = NO;
				ARCHS = "$(ARCHS_STANDARD_64_BIT)";
				CLANG_CXX_LANGUAGE_STANDARD = "gnu++0x";
				CLANG_CXX_LIBRARY = "libc++";
				CLANG_ENABLE_OBJC_ARC = YES;
				CLANG_WARN_CONSTANT_CONVERSION = YES;
				CLANG_WARN_EMPTY_BODY = YES;
				CLANG_WARN_ENUM_CONVERSION = YES;
				CLANG_WARN_INT_CONVERSION = YES;
				CLANG_WARN__DUPLICATE_METHOD_MATCH = YES;
				COPY_PHASE_STRIP = YES;
				DEBUG_INFORMATION_FORMAT = "dwarf-with-dsym";
				GCC_C_LANGUAGE_STANDARD = gnu99;
				GCC_ENABLE_OBJC_EXCEPTIONS = YES;
				GCC_WARN_64_TO_32_BIT_CONVERSION = YES;
				GCC_WARN_ABOUT_RETURN_TYPE = YES;
				GCC_WARN_UNINITIALIZED_AUTOS = YES;
				GCC_WARN_UNUSED_VARIABLE = YES;
				MACOSX_DEPLOYMENT_TARGET = 10.7;
				SDKROOT = macosx;
			};
			name = Release;
		};
		C784326616EA02FA000DED40 /* Debug */ = {
			isa = XCBuildConfiguration;
			buildSettings = {
				GCC_PRECOMPILE_PREFIX_HEADER = YES;
				GCC_PREFIX_HEADER = "wry/wry-Prefix.pch";
				PRODUCT_NAME = "$(TARGET_NAME)";
			};
			name = Debug;
		};
		C784326716EA02FA000DED40 /* Release */ = {
			isa = XCBuildConfiguration;
			buildSettings = {
				GCC_PRECOMPILE_PREFIX_HEADER = YES;
				GCC_PREFIX_HEADER = "wry/wry-Prefix.pch";
				PRODUCT_NAME = "$(TARGET_NAME)";
			};
			name = Release;
		};
/* End XCBuildConfiguration section */

/* Begin XCConfigurationList section */
		C784325216EA02FA000DED40 /* Build configuration list for PBXProject "wry" */ = {
			isa = XCConfigurationList;
			buildConfigurations = (
				C784326316EA02FA000DED40 /* Debug */,
				C784326416EA02FA000DED40 /* Release */,
			);
			defaultConfigurationIsVisible = 0;
			defaultConfigurationName = Release;
		};
		C784326516EA02FA000DED40 /* Build configuration list for PBXNativeTarget "wry" */ = {
			isa = XCConfigurationList;
			buildConfigurations = (
				C784326616EA02FA000DED40 /* Debug */,
				C784326716EA02FA000DED40 /* Release */,
			);
			defaultConfigurationIsVisible = 0;
			defaultConfigurationName = Release;
		};
/* End XCConfigurationList section */
	};
	rootObject = C784324F16EA02FA000DED40 /* Project object */;
}
