// !$*UTF8*$!
{
	archiveVersion = 1;
	classes = {
	};
	objectVersion = 46;
	objects = {

/* Begin PBXBuildFile section */
		5F23715462BFA09088A273A3 /* UploadCommand.m in Sources */ = {isa = PBXBuildFile; fileRef = 5F2370C39D60AE168097C05C /* UploadCommand.m */; };
		5F23723F7B39298A11B6CB21 /* LsCommand.h in CopyFiles */ = {isa = PBXBuildFile; fileRef = 5F237B6DF4680829830666F9 /* LsCommand.h */; };
		5F2374027A051703D045EC17 /* ADNFile.h in CopyFiles */ = {isa = PBXBuildFile; fileRef = 5F2374343F648724555A4F33 /* ADNFile.h */; };
		5F2375FF402AD8E87B23048B /* LsCommand.m in Sources */ = {isa = PBXBuildFile; fileRef = 5F23700E04DD8F1511814264 /* LsCommand.m */; };
		5F23760D68C015450659EDC1 /* DownloadCommand.h in CopyFiles */ = {isa = PBXBuildFile; fileRef = 5F237C83E7993BD23B26CA42 /* DownloadCommand.h */; };
		5F237680B822AEBA7696A403 /* ADNFile.m in Sources */ = {isa = PBXBuildFile; fileRef = 5F237098E0588D727AABD325 /* ADNFile.m */; };
		5F23783D63A244A8236FF827 /* ADNMessage.m in Sources */ = {isa = PBXBuildFile; fileRef = 5F2375EF1A33A13AD2218C9A /* ADNMessage.m */; };
		5F23787F0A3D4549746F953C /* ADNUserDescription.h in CopyFiles */ = {isa = PBXBuildFile; fileRef = 5F237CC24925193B771DADFA /* ADNUserDescription.h */; };
		5F23788005A250218BC639A3 /* PmCommand.m in Sources */ = {isa = PBXBuildFile; fileRef = 5F237CF25F16BE1AB595D370 /* PmCommand.m */; };
		5F2379E22EC302A454C800F8 /* DownloadCommand.m in Sources */ = {isa = PBXBuildFile; fileRef = 5F237A3B099660DF7F93200E /* DownloadCommand.m */; };
		5F237A0B0A517DB7EBE6926B /* ADNUserDescription.m in Sources */ = {isa = PBXBuildFile; fileRef = 5F2379722EA1CB3B2969A792 /* ADNUserDescription.m */; };
		5F237AC322044FFB6F4BFEA1 /* MessagesCommand.m in Sources */ = {isa = PBXBuildFile; fileRef = 5F23732DDFB65635F0971665 /* MessagesCommand.m */; };
		5F237C5E9AE7B797B3EB6E1C /* UsersCommand.m in Sources */ = {isa = PBXBuildFile; fileRef = 5F2371A2572D6E22B13CB3C8 /* UsersCommand.m */; };
		5F237F23756A64B37D38C06C /* UploadCommand.h in CopyFiles */ = {isa = PBXBuildFile; fileRef = 5F237AFC9661EA6E24D76E41 /* UploadCommand.h */; };
		C70028F816F330DF00D5B222 /* ADNResponse.m in Sources */ = {isa = PBXBuildFile; fileRef = C70028F716F330DF00D5B222 /* ADNResponse.m */; };
		C70028FB16F37A5700D5B222 /* NSDictionary+JSONMapping.m in Sources */ = {isa = PBXBuildFile; fileRef = C70028FA16F37A5700D5B222 /* NSDictionary+JSONMapping.m */; };
		C707E36717D35658005DB231 /* EditorSetting.m in Sources */ = {isa = PBXBuildFile; fileRef = C707E36617D35658005DB231 /* EditorSetting.m */; };
		C707E36A17D35C30005DB231 /* SeparatorSetting.m in Sources */ = {isa = PBXBuildFile; fileRef = C707E36917D35C30005DB231 /* SeparatorSetting.m */; };
		C709DC0217B85AA100D5E56D /* WryRange.m in Sources */ = {isa = PBXBuildFile; fileRef = C709DC0117B85AA100D5E56D /* WryRange.m */; };
		C716222E17B3DBD900AE9C6A /* LongSetting.m in Sources */ = {isa = PBXBuildFile; fileRef = C716222D17B3DBD900AE9C6A /* LongSetting.m */; };
		C718D0C717A9A5E7000ABF4E /* DebugSetting.m in Sources */ = {isa = PBXBuildFile; fileRef = C718D0C617A9A5E7000ABF4E /* DebugSetting.m */; };
		C71BF686172D42E6004C228B /* SSKeychain.m in Sources */ = {isa = PBXBuildFile; fileRef = C71BF683172D42E6004C228B /* SSKeychain.m */; };
		C71BF687172D42E6004C228B /* SSKeychainQuery.m in Sources */ = {isa = PBXBuildFile; fileRef = C71BF685172D42E6004C228B /* SSKeychainQuery.m */; };
		C71BF68B172FD27C004C228B /* WrySettings.m in Sources */ = {isa = PBXBuildFile; fileRef = C71BF68A172FD27C004C228B /* WrySettings.m */; };
		C71BF68F1731BF0D004C228B /* NSString+Atification.m in Sources */ = {isa = PBXBuildFile; fileRef = C71BF68E1731BF0D004C228B /* NSString+Atification.m */; };
		C726631417AC2E3E00B9B189 /* QuietSetting.m in Sources */ = {isa = PBXBuildFile; fileRef = C726631317AC2E3E00B9B189 /* QuietSetting.m */; };
		C726631717AC485800B9B189 /* PrettySetting.m in Sources */ = {isa = PBXBuildFile; fileRef = C726631617AC485800B9B189 /* PrettySetting.m */; };
		C726631A17AC4A2E00B9B189 /* ReverseSetting.m in Sources */ = {isa = PBXBuildFile; fileRef = C726631917AC4A2E00B9B189 /* ReverseSetting.m */; };
		C726631D17AC4ACD00B9B189 /* AnnotationsSetting.m in Sources */ = {isa = PBXBuildFile; fileRef = C726631C17AC4ACD00B9B189 /* AnnotationsSetting.m */; };
		C726632017AC4B4400B9B189 /* CountSetting.m in Sources */ = {isa = PBXBuildFile; fileRef = C726631F17AC4B4300B9B189 /* CountSetting.m */; };
		C726632317AC4BE100B9B189 /* FormatSetting.m in Sources */ = {isa = PBXBuildFile; fileRef = C726632217AC4BE100B9B189 /* FormatSetting.m */; };
		C726632617AC4CD800B9B189 /* UserSetting.m in Sources */ = {isa = PBXBuildFile; fileRef = C726632517AC4CD800B9B189 /* UserSetting.m */; };
		C72BF7B11710C96600F0039D /* TEXTFormatter.m in Sources */ = {isa = PBXBuildFile; fileRef = C72BF7B01710C96600F0039D /* TEXTFormatter.m */; };
		C72BF7B41710CA2800F0039D /* JSONFormatter.m in Sources */ = {isa = PBXBuildFile; fileRef = C72BF7B31710CA2700F0039D /* JSONFormatter.m */; };
		C72BF7B71711990B00F0039D /* ALFREDFormatter.m in Sources */ = {isa = PBXBuildFile; fileRef = C72BF7B61711990B00F0039D /* ALFREDFormatter.m */; };
		C72BF7BA1711F15700F0039D /* CommandsCommand.m in Sources */ = {isa = PBXBuildFile; fileRef = C72BF7B91711F15700F0039D /* CommandsCommand.m */; };
		C73429CF1765F12D0022AEE2 /* ADNMappingEntry.m in Sources */ = {isa = PBXBuildFile; fileRef = C73429CE1765F12D0022AEE2 /* ADNMappingEntry.m */; };
		C744E46A16FA85400002A9A5 /* VersionCommand.m in Sources */ = {isa = PBXBuildFile; fileRef = C744E46916FA85400002A9A5 /* VersionCommand.m */; };
		C744E46D16FA8E2D0002A9A5 /* FollowersCommand.m in Sources */ = {isa = PBXBuildFile; fileRef = C744E46C16FA8E2D0002A9A5 /* FollowersCommand.m */; };
		C744E47016FA9D010002A9A5 /* FollowingCommand.m in Sources */ = {isa = PBXBuildFile; fileRef = C744E46F16FA9D010002A9A5 /* FollowingCommand.m */; };
		C744E47316FA9F670002A9A5 /* FollowCommand.m in Sources */ = {isa = PBXBuildFile; fileRef = C744E47216FA9F670002A9A5 /* FollowCommand.m */; };
		C744E47616FB09B10002A9A5 /* ReplyCommand.m in Sources */ = {isa = PBXBuildFile; fileRef = C744E47516FB09B00002A9A5 /* ReplyCommand.m */; };
		C744E47916FC76EB0002A9A5 /* RepostCommand.m in Sources */ = {isa = PBXBuildFile; fileRef = C744E47816FC76EA0002A9A5 /* RepostCommand.m */; };
		C744E47C16FC8E920002A9A5 /* StarCommand.m in Sources */ = {isa = PBXBuildFile; fileRef = C744E47B16FC8E900002A9A5 /* StarCommand.m */; };
		C744E47F16FC932D0002A9A5 /* DeleteCommand.m in Sources */ = {isa = PBXBuildFile; fileRef = C744E47E16FC932C0002A9A5 /* DeleteCommand.m */; };
		C744E48217012B3A0002A9A5 /* ReadCommand.m in Sources */ = {isa = PBXBuildFile; fileRef = C744E48117012B380002A9A5 /* ReadCommand.m */; };
		C744E485170131970002A9A5 /* MentionsCommand.m in Sources */ = {isa = PBXBuildFile; fileRef = C744E484170131970002A9A5 /* MentionsCommand.m */; };
		C744E4881701B93C0002A9A5 /* UnfollowCommand.m in Sources */ = {isa = PBXBuildFile; fileRef = C744E4871701B93A0002A9A5 /* UnfollowCommand.m */; };
		C744E48B1701D5D20002A9A5 /* MuteCommand.m in Sources */ = {isa = PBXBuildFile; fileRef = C744E48A1701D5D00002A9A5 /* MuteCommand.m */; };
		C744E48E1701D6860002A9A5 /* UnmuteCommand.m in Sources */ = {isa = PBXBuildFile; fileRef = C744E48D1701D6850002A9A5 /* UnmuteCommand.m */; };
		C744E4911701DA590002A9A5 /* MutedCommand.m in Sources */ = {isa = PBXBuildFile; fileRef = C744E4901701DA560002A9A5 /* MutedCommand.m */; };
		C744E494170204F10002A9A5 /* RepliesCommand.m in Sources */ = {isa = PBXBuildFile; fileRef = C744E493170204EE0002A9A5 /* RepliesCommand.m */; };
		C744E49717020EDB0002A9A5 /* PostsCommand.m in Sources */ = {isa = PBXBuildFile; fileRef = C744E49617020ED90002A9A5 /* PostsCommand.m */; };
		C744E49A170230920002A9A5 /* BlockCommand.m in Sources */ = {isa = PBXBuildFile; fileRef = C744E4991702308E0002A9A5 /* BlockCommand.m */; };
		C744E49D170230A70002A9A5 /* UnblockCommand.m in Sources */ = {isa = PBXBuildFile; fileRef = C744E49C170230A40002A9A5 /* UnblockCommand.m */; };
		C744E4A317025E240002A9A5 /* SearchCommand.m in Sources */ = {isa = PBXBuildFile; fileRef = C744E4A217025E200002A9A5 /* SearchCommand.m */; };
		C744E4A61702779F0002A9A5 /* WryUtils.m in Sources */ = {isa = PBXBuildFile; fileRef = C744E4A51702779B0002A9A5 /* WryUtils.m */; };
		C744E4A9170502EA0002A9A5 /* FindCommand.m in Sources */ = {isa = PBXBuildFile; fileRef = C744E4A8170502E50002A9A5 /* FindCommand.m */; };
		C7457504176B822D006B4893 /* WryComposer.m in Sources */ = {isa = PBXBuildFile; fileRef = C7457503176B822D006B4893 /* WryComposer.m */; };
		C7457509176E6B5F006B4893 /* LinkEnhancer.m in Sources */ = {isa = PBXBuildFile; fileRef = C7457508176E6B5F006B4893 /* LinkEnhancer.m */; };
		C784325B16EA02FA000DED40 /* Foundation.framework in Frameworks */ = {isa = PBXBuildFile; fileRef = C784325A16EA02FA000DED40 /* Foundation.framework */; };
		C784325E16EA02FA000DED40 /* main.m in Sources */ = {isa = PBXBuildFile; fileRef = C784325D16EA02FA000DED40 /* main.m */; };
		C784326216EA02FA000DED40 /* wry.1 in CopyFiles */ = {isa = PBXBuildFile; fileRef = C784326116EA02FA000DED40 /* wry.1 */; };
		C784326A16EBBA0F000DED40 /* WryApplication.m in Sources */ = {isa = PBXBuildFile; fileRef = C784326916EBBA0F000DED40 /* WryApplication.m */; };
		C784327416ED2DF2000DED40 /* HelpCommand.m in Sources */ = {isa = PBXBuildFile; fileRef = C784327316ED2DF2000DED40 /* HelpCommand.m */; };
		C784327716EF2611000DED40 /* AuthorizeCommand.m in Sources */ = {isa = PBXBuildFile; fileRef = C784327616EF2611000DED40 /* AuthorizeCommand.m */; };
		C784327C16EF4955000DED40 /* Security.framework in Frameworks */ = {isa = PBXBuildFile; fileRef = C784327B16EF4955000DED40 /* Security.framework */; };
		C784327F16EF8565000DED40 /* ADNPost.m in Sources */ = {isa = PBXBuildFile; fileRef = C784327E16EF8565000DED40 /* ADNPost.m */; };
		C784328316EF85A8000DED40 /* ADNUser.m in Sources */ = {isa = PBXBuildFile; fileRef = C784328216EF85A8000DED40 /* ADNUser.m */; };
		C784328916EF8AA8000DED40 /* ADNService.m in Sources */ = {isa = PBXBuildFile; fileRef = C784328816EF8AA8000DED40 /* ADNService.m */; };
		C784329216EFE7B7000DED40 /* UserCommand.m in Sources */ = {isa = PBXBuildFile; fileRef = C784329116EFE7B7000DED40 /* UserCommand.m */; };
		C784329516F0D8D4000DED40 /* ADNJSONMapping.m in Sources */ = {isa = PBXBuildFile; fileRef = C784329416F0D8D4000DED40 /* ADNJSONMapping.m */; };
		C784329916F0DC21000DED40 /* ADNMappingProvider.m in Sources */ = {isa = PBXBuildFile; fileRef = C784329816F0DC21000DED40 /* ADNMappingProvider.m */; };
		C78C5BD81740E4E700F5C806 /* ADNChannel.m in Sources */ = {isa = PBXBuildFile; fileRef = C78C5BD71740E4E700F5C806 /* ADNChannel.m */; };
		C78C5BDE1740EA0C00F5C806 /* ChannelsCommand.m in Sources */ = {isa = PBXBuildFile; fileRef = C78C5BDD1740EA0C00F5C806 /* ChannelsCommand.m */; };
		C78C5BE11740EED600F5C806 /* ADNAnnotation.m in Sources */ = {isa = PBXBuildFile; fileRef = C78C5BE01740EED600F5C806 /* ADNAnnotation.m */; };
		C78C5BE417423B3200F5C806 /* ADNAccessControlList.m in Sources */ = {isa = PBXBuildFile; fileRef = C78C5BE317423B3200F5C806 /* ADNAccessControlList.m */; };
		C78C5BEA1742471100F5C806 /* SendCommand.m in Sources */ = {isa = PBXBuildFile; fileRef = C78C5BE91742471100F5C806 /* SendCommand.m */; };
		C7C60FB817DBCE8100006738 /* SettingsCommand.m in Sources */ = {isa = PBXBuildFile; fileRef = C7C60FB717DBCE8100006738 /* SettingsCommand.m */; };
		C7C60FBB17DBCF6C00006738 /* BaseSetting.m in Sources */ = {isa = PBXBuildFile; fileRef = C7C60FBA17DBCF6C00006738 /* BaseSetting.m */; };
		C7CCEB6E16F5E3EE005DDBAB /* GlobalCommand.m in Sources */ = {isa = PBXBuildFile; fileRef = C7CCEB6D16F5E3EE005DDBAB /* GlobalCommand.m */; };
		C7CCEB7116F5E7C9005DDBAB /* StreamCommand.m in Sources */ = {isa = PBXBuildFile; fileRef = C7CCEB7016F5E7C9005DDBAB /* StreamCommand.m */; };
		C7CCEB7716F5EBCF005DDBAB /* UnifiedCommand.m in Sources */ = {isa = PBXBuildFile; fileRef = C7CCEB7616F5EBCF005DDBAB /* UnifiedCommand.m */; };
		C7CCEB7A16F60B83005DDBAB /* PostCommand.m in Sources */ = {isa = PBXBuildFile; fileRef = C7CCEB7916F60B83005DDBAB /* PostCommand.m */; };
		C7CEE0581760924C0028361F /* ChannelCommand.m in Sources */ = {isa = PBXBuildFile; fileRef = C7CEE0571760924C0028361F /* ChannelCommand.m */; };
		C7CEE05B17616D7D0028361F /* ChmodCommand.m in Sources */ = {isa = PBXBuildFile; fileRef = C7CEE05A17616D7D0028361F /* ChmodCommand.m */; };
		C7CEE05E17617AFE0028361F /* MvCommand.m in Sources */ = {isa = PBXBuildFile; fileRef = C7CEE05D17617AFE0028361F /* MvCommand.m */; };
		C7CEE0611761FBE70028361F /* ADNHashtag.m in Sources */ = {isa = PBXBuildFile; fileRef = C7CEE0601761FBE70028361F /* ADNHashtag.m */; };
		C7CEE0641761FBF70028361F /* ADNLink.m in Sources */ = {isa = PBXBuildFile; fileRef = C7CEE0631761FBF70028361F /* ADNLink.m */; };
		C7D2963A177A380B00649A29 /* ADNObject.m in Sources */ = {isa = PBXBuildFile; fileRef = C7D29639177A380B00649A29 /* ADNObject.m */; };
		C7D29680177CA1F000649A29 /* TextTooLongEnhancer.m in Sources */ = {isa = PBXBuildFile; fileRef = C7D2967F177CA1F000649A29 /* TextTooLongEnhancer.m */; };
		C7DB8E2717DBD7DF004050BB /* BaseCommand.m in Sources */ = {isa = PBXBuildFile; fileRef = C7DB8E2617DBD7DF004050BB /* BaseCommand.m */; };
		C7DB8E2A17DBEDED004050BB /* BaseFormatter.m in Sources */ = {isa = PBXBuildFile; fileRef = C7DB8E2917DBEDED004050BB /* BaseFormatter.m */; };
		C7DB8E2D17DBEEF0004050BB /* FormattersCommand.m in Sources */ = {isa = PBXBuildFile; fileRef = C7DB8E2C17DBEEF0004050BB /* FormattersCommand.m */; };
		C7DB8E3317E2502A004050BB /* ColorsSetting.m in Sources */ = {isa = PBXBuildFile; fileRef = C7DB8E3217E2502A004050BB /* ColorsSetting.m */; };
		C7FDD65E17C7E57400EF9315 /* ConfigCommand.m in Sources */ = {isa = PBXBuildFile; fileRef = C7FDD65D17C7E57400EF9315 /* ConfigCommand.m */; };
/* End PBXBuildFile section */

/* Begin PBXCopyFilesBuildPhase section */
		C784325516EA02FA000DED40 /* CopyFiles */ = {
			isa = PBXCopyFilesBuildPhase;
			buildActionMask = 2147483647;
			dstPath = /usr/share/man/man1/;
			dstSubfolderSpec = 0;
			files = (
				C784326216EA02FA000DED40 /* wry.1 in CopyFiles */,
				5F23787F0A3D4549746F953C /* ADNUserDescription.h in CopyFiles */,
				5F237F23756A64B37D38C06C /* UploadCommand.h in CopyFiles */,
				5F2374027A051703D045EC17 /* ADNFile.h in CopyFiles */,
				5F23723F7B39298A11B6CB21 /* LsCommand.h in CopyFiles */,
				5F23760D68C015450659EDC1 /* DownloadCommand.h in CopyFiles */,
			);
			runOnlyForDeploymentPostprocessing = 1;
		};
/* End PBXCopyFilesBuildPhase section */

/* Begin PBXFileReference section */
		5F23700E04DD8F1511814264 /* LsCommand.m */ = {isa = PBXFileReference; fileEncoding = 4; lastKnownFileType = sourcecode.c.objc; path = LsCommand.m; sourceTree = "<group>"; };
		5F237098E0588D727AABD325 /* ADNFile.m */ = {isa = PBXFileReference; fileEncoding = 4; lastKnownFileType = sourcecode.c.objc; path = ADNFile.m; sourceTree = "<group>"; };
		5F2370C39D60AE168097C05C /* UploadCommand.m */ = {isa = PBXFileReference; fileEncoding = 4; lastKnownFileType = sourcecode.c.objc; path = UploadCommand.m; sourceTree = "<group>"; };
		5F2370EA3BE5E0ADEEB84CDE /* ADNMessage.h */ = {isa = PBXFileReference; fileEncoding = 4; lastKnownFileType = sourcecode.c.h; path = ADNMessage.h; sourceTree = "<group>"; };
		5F2371A2572D6E22B13CB3C8 /* UsersCommand.m */ = {isa = PBXFileReference; fileEncoding = 4; lastKnownFileType = sourcecode.c.objc; path = UsersCommand.m; sourceTree = "<group>"; };
		5F23732DDFB65635F0971665 /* MessagesCommand.m */ = {isa = PBXFileReference; fileEncoding = 4; lastKnownFileType = sourcecode.c.objc; path = MessagesCommand.m; sourceTree = "<group>"; };
		5F2374343F648724555A4F33 /* ADNFile.h */ = {isa = PBXFileReference; fileEncoding = 4; lastKnownFileType = sourcecode.c.h; path = ADNFile.h; sourceTree = "<group>"; };
		5F2374BAC4D93E3A7583A83B /* UsersCommand.h */ = {isa = PBXFileReference; fileEncoding = 4; lastKnownFileType = sourcecode.c.h; path = UsersCommand.h; sourceTree = "<group>"; };
		5F2375EF1A33A13AD2218C9A /* ADNMessage.m */ = {isa = PBXFileReference; fileEncoding = 4; lastKnownFileType = sourcecode.c.objc; path = ADNMessage.m; sourceTree = "<group>"; };
		5F2376B9F411368597D162B3 /* PmCommand.h */ = {isa = PBXFileReference; fileEncoding = 4; lastKnownFileType = sourcecode.c.h; path = PmCommand.h; sourceTree = "<group>"; };
		5F2376F60DE9FCFA48020C67 /* MessagesCommand.h */ = {isa = PBXFileReference; fileEncoding = 4; lastKnownFileType = sourcecode.c.h; path = MessagesCommand.h; sourceTree = "<group>"; };
		5F2379722EA1CB3B2969A792 /* ADNUserDescription.m */ = {isa = PBXFileReference; fileEncoding = 4; lastKnownFileType = sourcecode.c.objc; path = ADNUserDescription.m; sourceTree = "<group>"; };
		5F237A3B099660DF7F93200E /* DownloadCommand.m */ = {isa = PBXFileReference; fileEncoding = 4; lastKnownFileType = sourcecode.c.objc; path = DownloadCommand.m; sourceTree = "<group>"; };
		5F237AFC9661EA6E24D76E41 /* UploadCommand.h */ = {isa = PBXFileReference; fileEncoding = 4; lastKnownFileType = sourcecode.c.h; path = UploadCommand.h; sourceTree = "<group>"; };
		5F237B6DF4680829830666F9 /* LsCommand.h */ = {isa = PBXFileReference; fileEncoding = 4; lastKnownFileType = sourcecode.c.h; path = LsCommand.h; sourceTree = "<group>"; };
		5F237C83E7993BD23B26CA42 /* DownloadCommand.h */ = {isa = PBXFileReference; fileEncoding = 4; lastKnownFileType = sourcecode.c.h; path = DownloadCommand.h; sourceTree = "<group>"; };
		5F237CC24925193B771DADFA /* ADNUserDescription.h */ = {isa = PBXFileReference; fileEncoding = 4; lastKnownFileType = sourcecode.c.h; path = ADNUserDescription.h; sourceTree = "<group>"; };
		5F237CF25F16BE1AB595D370 /* PmCommand.m */ = {isa = PBXFileReference; fileEncoding = 4; lastKnownFileType = sourcecode.c.objc; path = PmCommand.m; sourceTree = "<group>"; };
		7E741D72DB884AC0A9AC4C6E /* libPods.a */ = {isa = PBXFileReference; explicitFileType = archive.ar; includeInIndex = 0; path = libPods.a; sourceTree = BUILT_PRODUCTS_DIR; };
		C70028F616F330DF00D5B222 /* ADNResponse.h */ = {isa = PBXFileReference; fileEncoding = 4; lastKnownFileType = sourcecode.c.h; path = ADNResponse.h; sourceTree = "<group>"; };
		C70028F716F330DF00D5B222 /* ADNResponse.m */ = {isa = PBXFileReference; fileEncoding = 4; lastKnownFileType = sourcecode.c.objc; path = ADNResponse.m; sourceTree = "<group>"; };
		C70028F916F37A5700D5B222 /* NSDictionary+JSONMapping.h */ = {isa = PBXFileReference; fileEncoding = 4; lastKnownFileType = sourcecode.c.h; path = "NSDictionary+JSONMapping.h"; sourceTree = "<group>"; };
		C70028FA16F37A5700D5B222 /* NSDictionary+JSONMapping.m */ = {isa = PBXFileReference; fileEncoding = 4; lastKnownFileType = sourcecode.c.objc; path = "NSDictionary+JSONMapping.m"; sourceTree = "<group>"; };
		C707E36517D35658005DB231 /* EditorSetting.h */ = {isa = PBXFileReference; fileEncoding = 4; lastKnownFileType = sourcecode.c.h; path = EditorSetting.h; sourceTree = "<group>"; };
		C707E36617D35658005DB231 /* EditorSetting.m */ = {isa = PBXFileReference; fileEncoding = 4; lastKnownFileType = sourcecode.c.objc; path = EditorSetting.m; sourceTree = "<group>"; };
		C707E36817D35C30005DB231 /* SeparatorSetting.h */ = {isa = PBXFileReference; fileEncoding = 4; lastKnownFileType = sourcecode.c.h; path = SeparatorSetting.h; sourceTree = "<group>"; };
		C707E36917D35C30005DB231 /* SeparatorSetting.m */ = {isa = PBXFileReference; fileEncoding = 4; lastKnownFileType = sourcecode.c.objc; path = SeparatorSetting.m; sourceTree = "<group>"; };
		C709DC0017B85AA100D5E56D /* WryRange.h */ = {isa = PBXFileReference; fileEncoding = 4; lastKnownFileType = sourcecode.c.h; path = WryRange.h; sourceTree = "<group>"; };
		C709DC0117B85AA100D5E56D /* WryRange.m */ = {isa = PBXFileReference; fileEncoding = 4; lastKnownFileType = sourcecode.c.objc; path = WryRange.m; sourceTree = "<group>"; };
		C716222C17B3DBD900AE9C6A /* LongSetting.h */ = {isa = PBXFileReference; fileEncoding = 4; lastKnownFileType = sourcecode.c.h; path = LongSetting.h; sourceTree = "<group>"; };
		C716222D17B3DBD900AE9C6A /* LongSetting.m */ = {isa = PBXFileReference; fileEncoding = 4; lastKnownFileType = sourcecode.c.objc; path = LongSetting.m; sourceTree = "<group>"; };
		C718D0C317A9A54D000ABF4E /* WrySetting.h */ = {isa = PBXFileReference; fileEncoding = 4; lastKnownFileType = sourcecode.c.h; path = WrySetting.h; sourceTree = "<group>"; };
		C718D0C517A9A5E7000ABF4E /* DebugSetting.h */ = {isa = PBXFileReference; fileEncoding = 4; lastKnownFileType = sourcecode.c.h; path = DebugSetting.h; sourceTree = "<group>"; };
		C718D0C617A9A5E7000ABF4E /* DebugSetting.m */ = {isa = PBXFileReference; fileEncoding = 4; lastKnownFileType = sourcecode.c.objc; path = DebugSetting.m; sourceTree = "<group>"; };
		C71BF682172D42E6004C228B /* SSKeychain.h */ = {isa = PBXFileReference; fileEncoding = 4; lastKnownFileType = sourcecode.c.h; path = SSKeychain.h; sourceTree = "<group>"; };
		C71BF683172D42E6004C228B /* SSKeychain.m */ = {isa = PBXFileReference; fileEncoding = 4; lastKnownFileType = sourcecode.c.objc; path = SSKeychain.m; sourceTree = "<group>"; };
		C71BF684172D42E6004C228B /* SSKeychainQuery.h */ = {isa = PBXFileReference; fileEncoding = 4; lastKnownFileType = sourcecode.c.h; path = SSKeychainQuery.h; sourceTree = "<group>"; };
		C71BF685172D42E6004C228B /* SSKeychainQuery.m */ = {isa = PBXFileReference; fileEncoding = 4; lastKnownFileType = sourcecode.c.objc; path = SSKeychainQuery.m; sourceTree = "<group>"; };
		C71BF689172FD27C004C228B /* WrySettings.h */ = {isa = PBXFileReference; fileEncoding = 4; lastKnownFileType = sourcecode.c.h; path = WrySettings.h; sourceTree = "<group>"; };
		C71BF68A172FD27C004C228B /* WrySettings.m */ = {isa = PBXFileReference; fileEncoding = 4; lastKnownFileType = sourcecode.c.objc; path = WrySettings.m; sourceTree = "<group>"; };
		C71BF68D1731BF0D004C228B /* NSString+Atification.h */ = {isa = PBXFileReference; fileEncoding = 4; lastKnownFileType = sourcecode.c.h; path = "NSString+Atification.h"; sourceTree = "<group>"; };
		C71BF68E1731BF0D004C228B /* NSString+Atification.m */ = {isa = PBXFileReference; fileEncoding = 4; lastKnownFileType = sourcecode.c.objc; path = "NSString+Atification.m"; sourceTree = "<group>"; };
		C726631217AC2E3E00B9B189 /* QuietSetting.h */ = {isa = PBXFileReference; fileEncoding = 4; lastKnownFileType = sourcecode.c.h; path = QuietSetting.h; sourceTree = "<group>"; };
		C726631317AC2E3E00B9B189 /* QuietSetting.m */ = {isa = PBXFileReference; fileEncoding = 4; lastKnownFileType = sourcecode.c.objc; path = QuietSetting.m; sourceTree = "<group>"; };
		C726631517AC485800B9B189 /* PrettySetting.h */ = {isa = PBXFileReference; fileEncoding = 4; lastKnownFileType = sourcecode.c.h; path = PrettySetting.h; sourceTree = "<group>"; };
		C726631617AC485800B9B189 /* PrettySetting.m */ = {isa = PBXFileReference; fileEncoding = 4; lastKnownFileType = sourcecode.c.objc; path = PrettySetting.m; sourceTree = "<group>"; };
		C726631817AC4A2E00B9B189 /* ReverseSetting.h */ = {isa = PBXFileReference; fileEncoding = 4; lastKnownFileType = sourcecode.c.h; path = ReverseSetting.h; sourceTree = "<group>"; };
		C726631917AC4A2E00B9B189 /* ReverseSetting.m */ = {isa = PBXFileReference; fileEncoding = 4; lastKnownFileType = sourcecode.c.objc; path = ReverseSetting.m; sourceTree = "<group>"; };
		C726631B17AC4ACD00B9B189 /* AnnotationsSetting.h */ = {isa = PBXFileReference; fileEncoding = 4; lastKnownFileType = sourcecode.c.h; path = AnnotationsSetting.h; sourceTree = "<group>"; };
		C726631C17AC4ACD00B9B189 /* AnnotationsSetting.m */ = {isa = PBXFileReference; fileEncoding = 4; lastKnownFileType = sourcecode.c.objc; path = AnnotationsSetting.m; sourceTree = "<group>"; };
		C726631E17AC4B4300B9B189 /* CountSetting.h */ = {isa = PBXFileReference; fileEncoding = 4; lastKnownFileType = sourcecode.c.h; path = CountSetting.h; sourceTree = "<group>"; };
		C726631F17AC4B4300B9B189 /* CountSetting.m */ = {isa = PBXFileReference; fileEncoding = 4; lastKnownFileType = sourcecode.c.objc; path = CountSetting.m; sourceTree = "<group>"; };
		C726632117AC4BE100B9B189 /* FormatSetting.h */ = {isa = PBXFileReference; fileEncoding = 4; lastKnownFileType = sourcecode.c.h; path = FormatSetting.h; sourceTree = "<group>"; };
		C726632217AC4BE100B9B189 /* FormatSetting.m */ = {isa = PBXFileReference; fileEncoding = 4; lastKnownFileType = sourcecode.c.objc; path = FormatSetting.m; sourceTree = "<group>"; };
		C726632417AC4CD800B9B189 /* UserSetting.h */ = {isa = PBXFileReference; fileEncoding = 4; lastKnownFileType = sourcecode.c.h; path = UserSetting.h; sourceTree = "<group>"; };
		C726632517AC4CD800B9B189 /* UserSetting.m */ = {isa = PBXFileReference; fileEncoding = 4; lastKnownFileType = sourcecode.c.objc; path = UserSetting.m; sourceTree = "<group>"; };
		C72BF7AD1710C91800F0039D /* WryFormatter.h */ = {isa = PBXFileReference; fileEncoding = 4; lastKnownFileType = sourcecode.c.h; path = WryFormatter.h; sourceTree = "<group>"; };
		C72BF7AF1710C96600F0039D /* TEXTFormatter.h */ = {isa = PBXFileReference; fileEncoding = 4; lastKnownFileType = sourcecode.c.h; path = TEXTFormatter.h; sourceTree = "<group>"; };
		C72BF7B01710C96600F0039D /* TEXTFormatter.m */ = {isa = PBXFileReference; fileEncoding = 4; lastKnownFileType = sourcecode.c.objc; path = TEXTFormatter.m; sourceTree = "<group>"; };
		C72BF7B21710CA2700F0039D /* JSONFormatter.h */ = {isa = PBXFileReference; fileEncoding = 4; lastKnownFileType = sourcecode.c.h; path = JSONFormatter.h; sourceTree = "<group>"; };
		C72BF7B31710CA2700F0039D /* JSONFormatter.m */ = {isa = PBXFileReference; fileEncoding = 4; lastKnownFileType = sourcecode.c.objc; path = JSONFormatter.m; sourceTree = "<group>"; };
		C72BF7B51711990B00F0039D /* ALFREDFormatter.h */ = {isa = PBXFileReference; fileEncoding = 4; lastKnownFileType = sourcecode.c.h; path = ALFREDFormatter.h; sourceTree = "<group>"; };
		C72BF7B61711990B00F0039D /* ALFREDFormatter.m */ = {isa = PBXFileReference; fileEncoding = 4; lastKnownFileType = sourcecode.c.objc; path = ALFREDFormatter.m; sourceTree = "<group>"; };
		C72BF7B81711F15700F0039D /* CommandsCommand.h */ = {isa = PBXFileReference; fileEncoding = 4; lastKnownFileType = sourcecode.c.h; path = CommandsCommand.h; sourceTree = "<group>"; };
		C72BF7B91711F15700F0039D /* CommandsCommand.m */ = {isa = PBXFileReference; fileEncoding = 4; lastKnownFileType = sourcecode.c.objc; path = CommandsCommand.m; sourceTree = "<group>"; };
		C73429CD1765F12D0022AEE2 /* ADNMappingEntry.h */ = {isa = PBXFileReference; fileEncoding = 4; lastKnownFileType = sourcecode.c.h; path = ADNMappingEntry.h; sourceTree = "<group>"; };
		C73429CE1765F12D0022AEE2 /* ADNMappingEntry.m */ = {isa = PBXFileReference; fileEncoding = 4; lastKnownFileType = sourcecode.c.objc; path = ADNMappingEntry.m; sourceTree = "<group>"; };
		C744E46816FA853F0002A9A5 /* VersionCommand.h */ = {isa = PBXFileReference; fileEncoding = 4; lastKnownFileType = sourcecode.c.h; path = VersionCommand.h; sourceTree = "<group>"; };
		C744E46916FA85400002A9A5 /* VersionCommand.m */ = {isa = PBXFileReference; fileEncoding = 4; lastKnownFileType = sourcecode.c.objc; path = VersionCommand.m; sourceTree = "<group>"; };
		C744E46B16FA8E2D0002A9A5 /* FollowersCommand.h */ = {isa = PBXFileReference; fileEncoding = 4; lastKnownFileType = sourcecode.c.h; path = FollowersCommand.h; sourceTree = "<group>"; };
		C744E46C16FA8E2D0002A9A5 /* FollowersCommand.m */ = {isa = PBXFileReference; fileEncoding = 4; lastKnownFileType = sourcecode.c.objc; path = FollowersCommand.m; sourceTree = "<group>"; };
		C744E46E16FA9D010002A9A5 /* FollowingCommand.h */ = {isa = PBXFileReference; fileEncoding = 4; lastKnownFileType = sourcecode.c.h; path = FollowingCommand.h; sourceTree = "<group>"; };
		C744E46F16FA9D010002A9A5 /* FollowingCommand.m */ = {isa = PBXFileReference; fileEncoding = 4; lastKnownFileType = sourcecode.c.objc; path = FollowingCommand.m; sourceTree = "<group>"; };
		C744E47116FA9F670002A9A5 /* FollowCommand.h */ = {isa = PBXFileReference; fileEncoding = 4; lastKnownFileType = sourcecode.c.h; path = FollowCommand.h; sourceTree = "<group>"; };
		C744E47216FA9F670002A9A5 /* FollowCommand.m */ = {isa = PBXFileReference; fileEncoding = 4; lastKnownFileType = sourcecode.c.objc; path = FollowCommand.m; sourceTree = "<group>"; };
		C744E47416FB09B00002A9A5 /* ReplyCommand.h */ = {isa = PBXFileReference; fileEncoding = 4; lastKnownFileType = sourcecode.c.h; path = ReplyCommand.h; sourceTree = "<group>"; };
		C744E47516FB09B00002A9A5 /* ReplyCommand.m */ = {isa = PBXFileReference; fileEncoding = 4; lastKnownFileType = sourcecode.c.objc; path = ReplyCommand.m; sourceTree = "<group>"; };
		C744E47716FC76EA0002A9A5 /* RepostCommand.h */ = {isa = PBXFileReference; fileEncoding = 4; lastKnownFileType = sourcecode.c.h; path = RepostCommand.h; sourceTree = "<group>"; };
		C744E47816FC76EA0002A9A5 /* RepostCommand.m */ = {isa = PBXFileReference; fileEncoding = 4; lastKnownFileType = sourcecode.c.objc; path = RepostCommand.m; sourceTree = "<group>"; };
		C744E47A16FC8E900002A9A5 /* StarCommand.h */ = {isa = PBXFileReference; fileEncoding = 4; lastKnownFileType = sourcecode.c.h; path = StarCommand.h; sourceTree = "<group>"; };
		C744E47B16FC8E900002A9A5 /* StarCommand.m */ = {isa = PBXFileReference; fileEncoding = 4; lastKnownFileType = sourcecode.c.objc; path = StarCommand.m; sourceTree = "<group>"; };
		C744E47D16FC932B0002A9A5 /* DeleteCommand.h */ = {isa = PBXFileReference; fileEncoding = 4; lastKnownFileType = sourcecode.c.h; path = DeleteCommand.h; sourceTree = "<group>"; };
		C744E47E16FC932C0002A9A5 /* DeleteCommand.m */ = {isa = PBXFileReference; fileEncoding = 4; lastKnownFileType = sourcecode.c.objc; path = DeleteCommand.m; sourceTree = "<group>"; };
		C744E48017012B360002A9A5 /* ReadCommand.h */ = {isa = PBXFileReference; fileEncoding = 4; lastKnownFileType = sourcecode.c.h; path = ReadCommand.h; sourceTree = "<group>"; };
		C744E48117012B380002A9A5 /* ReadCommand.m */ = {isa = PBXFileReference; fileEncoding = 4; lastKnownFileType = sourcecode.c.objc; path = ReadCommand.m; sourceTree = "<group>"; };
		C744E483170131950002A9A5 /* MentionsCommand.h */ = {isa = PBXFileReference; fileEncoding = 4; lastKnownFileType = sourcecode.c.h; path = MentionsCommand.h; sourceTree = "<group>"; };
		C744E484170131970002A9A5 /* MentionsCommand.m */ = {isa = PBXFileReference; fileEncoding = 4; lastKnownFileType = sourcecode.c.objc; path = MentionsCommand.m; sourceTree = "<group>"; };
		C744E4861701B9390002A9A5 /* UnfollowCommand.h */ = {isa = PBXFileReference; fileEncoding = 4; lastKnownFileType = sourcecode.c.h; path = UnfollowCommand.h; sourceTree = "<group>"; };
		C744E4871701B93A0002A9A5 /* UnfollowCommand.m */ = {isa = PBXFileReference; fileEncoding = 4; lastKnownFileType = sourcecode.c.objc; path = UnfollowCommand.m; sourceTree = "<group>"; };
		C744E4891701D5CE0002A9A5 /* MuteCommand.h */ = {isa = PBXFileReference; fileEncoding = 4; lastKnownFileType = sourcecode.c.h; path = MuteCommand.h; sourceTree = "<group>"; };
		C744E48A1701D5D00002A9A5 /* MuteCommand.m */ = {isa = PBXFileReference; fileEncoding = 4; lastKnownFileType = sourcecode.c.objc; path = MuteCommand.m; sourceTree = "<group>"; };
		C744E48C1701D6830002A9A5 /* UnmuteCommand.h */ = {isa = PBXFileReference; fileEncoding = 4; lastKnownFileType = sourcecode.c.h; path = UnmuteCommand.h; sourceTree = "<group>"; };
		C744E48D1701D6850002A9A5 /* UnmuteCommand.m */ = {isa = PBXFileReference; fileEncoding = 4; lastKnownFileType = sourcecode.c.objc; path = UnmuteCommand.m; sourceTree = "<group>"; };
		C744E48F1701DA530002A9A5 /* MutedCommand.h */ = {isa = PBXFileReference; fileEncoding = 4; lastKnownFileType = sourcecode.c.h; path = MutedCommand.h; sourceTree = "<group>"; };
		C744E4901701DA560002A9A5 /* MutedCommand.m */ = {isa = PBXFileReference; fileEncoding = 4; lastKnownFileType = sourcecode.c.objc; path = MutedCommand.m; sourceTree = "<group>"; };
		C744E492170204EB0002A9A5 /* RepliesCommand.h */ = {isa = PBXFileReference; fileEncoding = 4; lastKnownFileType = sourcecode.c.h; path = RepliesCommand.h; sourceTree = "<group>"; };
		C744E493170204EE0002A9A5 /* RepliesCommand.m */ = {isa = PBXFileReference; fileEncoding = 4; lastKnownFileType = sourcecode.c.objc; path = RepliesCommand.m; sourceTree = "<group>"; };
		C744E49517020ED60002A9A5 /* PostsCommand.h */ = {isa = PBXFileReference; fileEncoding = 4; lastKnownFileType = sourcecode.c.h; path = PostsCommand.h; sourceTree = "<group>"; };
		C744E49617020ED90002A9A5 /* PostsCommand.m */ = {isa = PBXFileReference; fileEncoding = 4; lastKnownFileType = sourcecode.c.objc; path = PostsCommand.m; sourceTree = "<group>"; };
		C744E4981702308B0002A9A5 /* BlockCommand.h */ = {isa = PBXFileReference; fileEncoding = 4; lastKnownFileType = sourcecode.c.h; path = BlockCommand.h; sourceTree = "<group>"; };
		C744E4991702308E0002A9A5 /* BlockCommand.m */ = {isa = PBXFileReference; fileEncoding = 4; lastKnownFileType = sourcecode.c.objc; path = BlockCommand.m; sourceTree = "<group>"; };
		C744E49B170230A20002A9A5 /* UnblockCommand.h */ = {isa = PBXFileReference; fileEncoding = 4; lastKnownFileType = sourcecode.c.h; path = UnblockCommand.h; sourceTree = "<group>"; };
		C744E49C170230A40002A9A5 /* UnblockCommand.m */ = {isa = PBXFileReference; fileEncoding = 4; lastKnownFileType = sourcecode.c.objc; path = UnblockCommand.m; sourceTree = "<group>"; };
		C744E4A117025E1D0002A9A5 /* SearchCommand.h */ = {isa = PBXFileReference; fileEncoding = 4; lastKnownFileType = sourcecode.c.h; path = SearchCommand.h; sourceTree = "<group>"; };
		C744E4A217025E200002A9A5 /* SearchCommand.m */ = {isa = PBXFileReference; fileEncoding = 4; lastKnownFileType = sourcecode.c.objc; path = SearchCommand.m; sourceTree = "<group>"; };
		C744E4A4170277970002A9A5 /* WryUtils.h */ = {isa = PBXFileReference; fileEncoding = 4; lastKnownFileType = sourcecode.c.h; path = WryUtils.h; sourceTree = "<group>"; };
		C744E4A51702779B0002A9A5 /* WryUtils.m */ = {isa = PBXFileReference; fileEncoding = 4; lastKnownFileType = sourcecode.c.objc; path = WryUtils.m; sourceTree = "<group>"; };
		C744E4A7170502E00002A9A5 /* FindCommand.h */ = {isa = PBXFileReference; fileEncoding = 4; lastKnownFileType = sourcecode.c.h; path = FindCommand.h; sourceTree = "<group>"; };
		C744E4A8170502E50002A9A5 /* FindCommand.m */ = {isa = PBXFileReference; fileEncoding = 4; lastKnownFileType = sourcecode.c.objc; path = FindCommand.m; sourceTree = "<group>"; };
		C7457502176B822D006B4893 /* WryComposer.h */ = {isa = PBXFileReference; fileEncoding = 4; lastKnownFileType = sourcecode.c.h; path = WryComposer.h; sourceTree = "<group>"; };
		C7457503176B822D006B4893 /* WryComposer.m */ = {isa = PBXFileReference; fileEncoding = 4; lastKnownFileType = sourcecode.c.objc; path = WryComposer.m; sourceTree = "<group>"; };
		C7457505176E6AF3006B4893 /* WryEnhancer.h */ = {isa = PBXFileReference; fileEncoding = 4; lastKnownFileType = sourcecode.c.h; path = WryEnhancer.h; sourceTree = "<group>"; };
		C7457507176E6B5F006B4893 /* LinkEnhancer.h */ = {isa = PBXFileReference; fileEncoding = 4; lastKnownFileType = sourcecode.c.h; path = LinkEnhancer.h; sourceTree = "<group>"; };
		C7457508176E6B5F006B4893 /* LinkEnhancer.m */ = {isa = PBXFileReference; fileEncoding = 4; lastKnownFileType = sourcecode.c.objc; path = LinkEnhancer.m; sourceTree = "<group>"; };
		C784325716EA02FA000DED40 /* wry */ = {isa = PBXFileReference; explicitFileType = "compiled.mach-o.executable"; includeInIndex = 0; path = wry; sourceTree = BUILT_PRODUCTS_DIR; };
		C784325A16EA02FA000DED40 /* Foundation.framework */ = {isa = PBXFileReference; lastKnownFileType = wrapper.framework; name = Foundation.framework; path = System/Library/Frameworks/Foundation.framework; sourceTree = SDKROOT; };
		C784325D16EA02FA000DED40 /* main.m */ = {isa = PBXFileReference; lastKnownFileType = sourcecode.c.objc; path = main.m; sourceTree = "<group>"; };
		C784326016EA02FA000DED40 /* wry-Prefix.pch */ = {isa = PBXFileReference; lastKnownFileType = sourcecode.c.h; path = "wry-Prefix.pch"; sourceTree = "<group>"; };
		C784326116EA02FA000DED40 /* wry.1 */ = {isa = PBXFileReference; lastKnownFileType = text.man; path = wry.1; sourceTree = "<group>"; };
		C784326816EBBA0F000DED40 /* WryApplication.h */ = {isa = PBXFileReference; fileEncoding = 4; lastKnownFileType = sourcecode.c.h; path = WryApplication.h; sourceTree = "<group>"; };
		C784326916EBBA0F000DED40 /* WryApplication.m */ = {isa = PBXFileReference; fileEncoding = 4; lastKnownFileType = sourcecode.c.objc; path = WryApplication.m; sourceTree = "<group>"; };
		C784327016ECB135000DED40 /* WryCommand.h */ = {isa = PBXFileReference; lastKnownFileType = sourcecode.c.h; path = WryCommand.h; sourceTree = "<group>"; };
		C784327216ED2DF2000DED40 /* HelpCommand.h */ = {isa = PBXFileReference; fileEncoding = 4; lastKnownFileType = sourcecode.c.h; path = HelpCommand.h; sourceTree = "<group>"; };
		C784327316ED2DF2000DED40 /* HelpCommand.m */ = {isa = PBXFileReference; fileEncoding = 4; lastKnownFileType = sourcecode.c.objc; path = HelpCommand.m; sourceTree = "<group>"; };
		C784327516EF2611000DED40 /* AuthorizeCommand.h */ = {isa = PBXFileReference; fileEncoding = 4; lastKnownFileType = sourcecode.c.h; path = AuthorizeCommand.h; sourceTree = "<group>"; };
		C784327616EF2611000DED40 /* AuthorizeCommand.m */ = {isa = PBXFileReference; fileEncoding = 4; lastKnownFileType = sourcecode.c.objc; path = AuthorizeCommand.m; sourceTree = "<group>"; };
		C784327B16EF4955000DED40 /* Security.framework */ = {isa = PBXFileReference; lastKnownFileType = wrapper.framework; name = Security.framework; path = System/Library/Frameworks/Security.framework; sourceTree = SDKROOT; };
		C784327D16EF8565000DED40 /* ADNPost.h */ = {isa = PBXFileReference; fileEncoding = 4; lastKnownFileType = sourcecode.c.h; path = ADNPost.h; sourceTree = "<group>"; };
		C784327E16EF8565000DED40 /* ADNPost.m */ = {isa = PBXFileReference; fileEncoding = 4; lastKnownFileType = sourcecode.c.objc; path = ADNPost.m; sourceTree = "<group>"; };
		C784328116EF85A8000DED40 /* ADNUser.h */ = {isa = PBXFileReference; fileEncoding = 4; lastKnownFileType = sourcecode.c.h; path = ADNUser.h; sourceTree = "<group>"; };
		C784328216EF85A8000DED40 /* ADNUser.m */ = {isa = PBXFileReference; fileEncoding = 4; lastKnownFileType = sourcecode.c.objc; path = ADNUser.m; sourceTree = "<group>"; };
		C784328716EF8AA8000DED40 /* ADNService.h */ = {isa = PBXFileReference; fileEncoding = 4; lastKnownFileType = sourcecode.c.h; path = ADNService.h; sourceTree = "<group>"; };
		C784328816EF8AA8000DED40 /* ADNService.m */ = {isa = PBXFileReference; fileEncoding = 4; lastKnownFileType = sourcecode.c.objc; path = ADNService.m; sourceTree = "<group>"; };
		C784329016EFE7B7000DED40 /* UserCommand.h */ = {isa = PBXFileReference; fileEncoding = 4; lastKnownFileType = sourcecode.c.h; path = UserCommand.h; sourceTree = "<group>"; };
		C784329116EFE7B7000DED40 /* UserCommand.m */ = {isa = PBXFileReference; fileEncoding = 4; lastKnownFileType = sourcecode.c.objc; path = UserCommand.m; sourceTree = "<group>"; };
		C784329316F0D8D4000DED40 /* ADNJSONMapping.h */ = {isa = PBXFileReference; fileEncoding = 4; lastKnownFileType = sourcecode.c.h; path = ADNJSONMapping.h; sourceTree = "<group>"; };
		C784329416F0D8D4000DED40 /* ADNJSONMapping.m */ = {isa = PBXFileReference; fileEncoding = 4; lastKnownFileType = sourcecode.c.objc; path = ADNJSONMapping.m; sourceTree = "<group>"; };
		C784329716F0DC20000DED40 /* ADNMappingProvider.h */ = {isa = PBXFileReference; fileEncoding = 4; lastKnownFileType = sourcecode.c.h; path = ADNMappingProvider.h; sourceTree = "<group>"; };
		C784329816F0DC21000DED40 /* ADNMappingProvider.m */ = {isa = PBXFileReference; fileEncoding = 4; lastKnownFileType = sourcecode.c.objc; path = ADNMappingProvider.m; sourceTree = "<group>"; };
		C78C5BD61740E4E700F5C806 /* ADNChannel.h */ = {isa = PBXFileReference; fileEncoding = 4; lastKnownFileType = sourcecode.c.h; path = ADNChannel.h; sourceTree = "<group>"; };
		C78C5BD71740E4E700F5C806 /* ADNChannel.m */ = {isa = PBXFileReference; fileEncoding = 4; lastKnownFileType = sourcecode.c.objc; path = ADNChannel.m; sourceTree = "<group>"; };
		C78C5BDC1740EA0C00F5C806 /* ChannelsCommand.h */ = {isa = PBXFileReference; fileEncoding = 4; lastKnownFileType = sourcecode.c.h; path = ChannelsCommand.h; sourceTree = "<group>"; };
		C78C5BDD1740EA0C00F5C806 /* ChannelsCommand.m */ = {isa = PBXFileReference; fileEncoding = 4; lastKnownFileType = sourcecode.c.objc; path = ChannelsCommand.m; sourceTree = "<group>"; };
		C78C5BDF1740EED600F5C806 /* ADNAnnotation.h */ = {isa = PBXFileReference; fileEncoding = 4; lastKnownFileType = sourcecode.c.h; path = ADNAnnotation.h; sourceTree = "<group>"; };
		C78C5BE01740EED600F5C806 /* ADNAnnotation.m */ = {isa = PBXFileReference; fileEncoding = 4; lastKnownFileType = sourcecode.c.objc; path = ADNAnnotation.m; sourceTree = "<group>"; };
		C78C5BE217423B3100F5C806 /* ADNAccessControlList.h */ = {isa = PBXFileReference; fileEncoding = 4; lastKnownFileType = sourcecode.c.h; path = ADNAccessControlList.h; sourceTree = "<group>"; };
		C78C5BE317423B3200F5C806 /* ADNAccessControlList.m */ = {isa = PBXFileReference; fileEncoding = 4; lastKnownFileType = sourcecode.c.objc; path = ADNAccessControlList.m; sourceTree = "<group>"; };
		C78C5BE81742471100F5C806 /* SendCommand.h */ = {isa = PBXFileReference; fileEncoding = 4; lastKnownFileType = sourcecode.c.h; path = SendCommand.h; sourceTree = "<group>"; };
		C78C5BE91742471100F5C806 /* SendCommand.m */ = {isa = PBXFileReference; fileEncoding = 4; lastKnownFileType = sourcecode.c.objc; path = SendCommand.m; sourceTree = "<group>"; };
		C7C60FB617DBCE8100006738 /* SettingsCommand.h */ = {isa = PBXFileReference; fileEncoding = 4; lastKnownFileType = sourcecode.c.h; path = SettingsCommand.h; sourceTree = "<group>"; };
		C7C60FB717DBCE8100006738 /* SettingsCommand.m */ = {isa = PBXFileReference; fileEncoding = 4; lastKnownFileType = sourcecode.c.objc; path = SettingsCommand.m; sourceTree = "<group>"; };
		C7C60FB917DBCF6C00006738 /* BaseSetting.h */ = {isa = PBXFileReference; fileEncoding = 4; lastKnownFileType = sourcecode.c.h; path = BaseSetting.h; sourceTree = "<group>"; };
		C7C60FBA17DBCF6C00006738 /* BaseSetting.m */ = {isa = PBXFileReference; fileEncoding = 4; lastKnownFileType = sourcecode.c.objc; path = BaseSetting.m; sourceTree = "<group>"; };
		C7CCEB6C16F5E3EE005DDBAB /* GlobalCommand.h */ = {isa = PBXFileReference; fileEncoding = 4; lastKnownFileType = sourcecode.c.h; path = GlobalCommand.h; sourceTree = "<group>"; };
		C7CCEB6D16F5E3EE005DDBAB /* GlobalCommand.m */ = {isa = PBXFileReference; fileEncoding = 4; lastKnownFileType = sourcecode.c.objc; path = GlobalCommand.m; sourceTree = "<group>"; };
		C7CCEB6F16F5E7C9005DDBAB /* StreamCommand.h */ = {isa = PBXFileReference; fileEncoding = 4; lastKnownFileType = sourcecode.c.h; path = StreamCommand.h; sourceTree = "<group>"; };
		C7CCEB7016F5E7C9005DDBAB /* StreamCommand.m */ = {isa = PBXFileReference; fileEncoding = 4; lastKnownFileType = sourcecode.c.objc; path = StreamCommand.m; sourceTree = "<group>"; };
		C7CCEB7516F5EBCF005DDBAB /* UnifiedCommand.h */ = {isa = PBXFileReference; fileEncoding = 4; lastKnownFileType = sourcecode.c.h; path = UnifiedCommand.h; sourceTree = "<group>"; };
		C7CCEB7616F5EBCF005DDBAB /* UnifiedCommand.m */ = {isa = PBXFileReference; fileEncoding = 4; lastKnownFileType = sourcecode.c.objc; path = UnifiedCommand.m; sourceTree = "<group>"; };
		C7CCEB7816F60B83005DDBAB /* PostCommand.h */ = {isa = PBXFileReference; fileEncoding = 4; lastKnownFileType = sourcecode.c.h; path = PostCommand.h; sourceTree = "<group>"; };
		C7CCEB7916F60B83005DDBAB /* PostCommand.m */ = {isa = PBXFileReference; fileEncoding = 4; lastKnownFileType = sourcecode.c.objc; path = PostCommand.m; sourceTree = "<group>"; };
		C7CCEB7B16F695F6005DDBAB /* WryErrorCodes.h */ = {isa = PBXFileReference; fileEncoding = 4; lastKnownFileType = sourcecode.c.h; path = WryErrorCodes.h; sourceTree = "<group>"; };
		C7CEE0561760924C0028361F /* ChannelCommand.h */ = {isa = PBXFileReference; fileEncoding = 4; lastKnownFileType = sourcecode.c.h; path = ChannelCommand.h; sourceTree = "<group>"; };
		C7CEE0571760924C0028361F /* ChannelCommand.m */ = {isa = PBXFileReference; fileEncoding = 4; lastKnownFileType = sourcecode.c.objc; path = ChannelCommand.m; sourceTree = "<group>"; };
		C7CEE05917616D7D0028361F /* ChmodCommand.h */ = {isa = PBXFileReference; fileEncoding = 4; lastKnownFileType = sourcecode.c.h; path = ChmodCommand.h; sourceTree = "<group>"; };
		C7CEE05A17616D7D0028361F /* ChmodCommand.m */ = {isa = PBXFileReference; fileEncoding = 4; lastKnownFileType = sourcecode.c.objc; path = ChmodCommand.m; sourceTree = "<group>"; };
		C7CEE05C17617AFE0028361F /* MvCommand.h */ = {isa = PBXFileReference; fileEncoding = 4; lastKnownFileType = sourcecode.c.h; path = MvCommand.h; sourceTree = "<group>"; };
		C7CEE05D17617AFE0028361F /* MvCommand.m */ = {isa = PBXFileReference; fileEncoding = 4; lastKnownFileType = sourcecode.c.objc; path = MvCommand.m; sourceTree = "<group>"; };
		C7CEE05F1761FBE70028361F /* ADNHashtag.h */ = {isa = PBXFileReference; fileEncoding = 4; lastKnownFileType = sourcecode.c.h; path = ADNHashtag.h; sourceTree = "<group>"; };
		C7CEE0601761FBE70028361F /* ADNHashtag.m */ = {isa = PBXFileReference; fileEncoding = 4; lastKnownFileType = sourcecode.c.objc; path = ADNHashtag.m; sourceTree = "<group>"; };
		C7CEE0621761FBF70028361F /* ADNLink.h */ = {isa = PBXFileReference; fileEncoding = 4; lastKnownFileType = sourcecode.c.h; path = ADNLink.h; sourceTree = "<group>"; };
		C7CEE0631761FBF70028361F /* ADNLink.m */ = {isa = PBXFileReference; fileEncoding = 4; lastKnownFileType = sourcecode.c.objc; path = ADNLink.m; sourceTree = "<group>"; };
		C7D29638177A380B00649A29 /* ADNObject.h */ = {isa = PBXFileReference; fileEncoding = 4; lastKnownFileType = sourcecode.c.h; path = ADNObject.h; sourceTree = "<group>"; };
		C7D29639177A380B00649A29 /* ADNObject.m */ = {isa = PBXFileReference; fileEncoding = 4; lastKnownFileType = sourcecode.c.objc; path = ADNObject.m; sourceTree = "<group>"; };
		C7D2967E177CA1F000649A29 /* TextTooLongEnhancer.h */ = {isa = PBXFileReference; fileEncoding = 4; lastKnownFileType = sourcecode.c.h; path = TextTooLongEnhancer.h; sourceTree = "<group>"; };
		C7D2967F177CA1F000649A29 /* TextTooLongEnhancer.m */ = {isa = PBXFileReference; fileEncoding = 4; lastKnownFileType = sourcecode.c.objc; path = TextTooLongEnhancer.m; sourceTree = "<group>"; };
		C7DB8E2517DBD7DF004050BB /* BaseCommand.h */ = {isa = PBXFileReference; fileEncoding = 4; lastKnownFileType = sourcecode.c.h; path = BaseCommand.h; sourceTree = "<group>"; };
		C7DB8E2617DBD7DF004050BB /* BaseCommand.m */ = {isa = PBXFileReference; fileEncoding = 4; lastKnownFileType = sourcecode.c.objc; path = BaseCommand.m; sourceTree = "<group>"; };
		C7DB8E2817DBEDED004050BB /* BaseFormatter.h */ = {isa = PBXFileReference; fileEncoding = 4; lastKnownFileType = sourcecode.c.h; path = BaseFormatter.h; sourceTree = "<group>"; };
		C7DB8E2917DBEDED004050BB /* BaseFormatter.m */ = {isa = PBXFileReference; fileEncoding = 4; lastKnownFileType = sourcecode.c.objc; path = BaseFormatter.m; sourceTree = "<group>"; };
		C7DB8E2B17DBEEF0004050BB /* FormattersCommand.h */ = {isa = PBXFileReference; fileEncoding = 4; lastKnownFileType = sourcecode.c.h; path = FormattersCommand.h; sourceTree = "<group>"; };
		C7DB8E2C17DBEEF0004050BB /* FormattersCommand.m */ = {isa = PBXFileReference; fileEncoding = 4; lastKnownFileType = sourcecode.c.objc; path = FormattersCommand.m; sourceTree = "<group>"; };
		C7DB8E3117E2502A004050BB /* ColorsSetting.h */ = {isa = PBXFileReference; fileEncoding = 4; lastKnownFileType = sourcecode.c.h; path = ColorsSetting.h; sourceTree = "<group>"; };
		C7DB8E3217E2502A004050BB /* ColorsSetting.m */ = {isa = PBXFileReference; fileEncoding = 4; lastKnownFileType = sourcecode.c.objc; path = ColorsSetting.m; sourceTree = "<group>"; };
		C7FDD65C17C7E57400EF9315 /* ConfigCommand.h */ = {isa = PBXFileReference; fileEncoding = 4; lastKnownFileType = sourcecode.c.h; path = ConfigCommand.h; sourceTree = "<group>"; };
		C7FDD65D17C7E57400EF9315 /* ConfigCommand.m */ = {isa = PBXFileReference; fileEncoding = 4; lastKnownFileType = sourcecode.c.objc; path = ConfigCommand.m; sourceTree = "<group>"; };
/* End PBXFileReference section */

/* Begin PBXFrameworksBuildPhase section */
		C784325416EA02FA000DED40 /* Frameworks */ = {
			isa = PBXFrameworksBuildPhase;
			buildActionMask = 2147483647;
			files = (
				C784327C16EF4955000DED40 /* Security.framework in Frameworks */,
				C784325B16EA02FA000DED40 /* Foundation.framework in Frameworks */,
			);
			runOnlyForDeploymentPostprocessing = 0;
		};
/* End PBXFrameworksBuildPhase section */

/* Begin PBXGroup section */
		C718D0C417A9A55D000ABF4E /* Settings */ = {
			isa = PBXGroup;
			children = (
				C718D0C317A9A54D000ABF4E /* WrySetting.h */,
				C718D0C517A9A5E7000ABF4E /* DebugSetting.h */,
				C718D0C617A9A5E7000ABF4E /* DebugSetting.m */,
				C726631217AC2E3E00B9B189 /* QuietSetting.h */,
				C726631317AC2E3E00B9B189 /* QuietSetting.m */,
				C726631517AC485800B9B189 /* PrettySetting.h */,
				C726631617AC485800B9B189 /* PrettySetting.m */,
				C726631817AC4A2E00B9B189 /* ReverseSetting.h */,
				C726631917AC4A2E00B9B189 /* ReverseSetting.m */,
				C726631B17AC4ACD00B9B189 /* AnnotationsSetting.h */,
				C726631C17AC4ACD00B9B189 /* AnnotationsSetting.m */,
				C726631E17AC4B4300B9B189 /* CountSetting.h */,
				C726631F17AC4B4300B9B189 /* CountSetting.m */,
				C726632117AC4BE100B9B189 /* FormatSetting.h */,
				C726632217AC4BE100B9B189 /* FormatSetting.m */,
				C726632417AC4CD800B9B189 /* UserSetting.h */,
				C726632517AC4CD800B9B189 /* UserSetting.m */,
				C716222C17B3DBD900AE9C6A /* LongSetting.h */,
				C716222D17B3DBD900AE9C6A /* LongSetting.m */,
				C709DC0017B85AA100D5E56D /* WryRange.h */,
				C709DC0117B85AA100D5E56D /* WryRange.m */,
				C707E36517D35658005DB231 /* EditorSetting.h */,
				C707E36617D35658005DB231 /* EditorSetting.m */,
				C707E36817D35C30005DB231 /* SeparatorSetting.h */,
				C707E36917D35C30005DB231 /* SeparatorSetting.m */,
				C7C60FB917DBCF6C00006738 /* BaseSetting.h */,
				C7C60FBA17DBCF6C00006738 /* BaseSetting.m */,
				C7DB8E3117E2502A004050BB /* ColorsSetting.h */,
				C7DB8E3217E2502A004050BB /* ColorsSetting.m */,
			);
			name = Settings;
			sourceTree = "<group>";
		};
		C71BF688172D42EC004C228B /* SSKeychain */ = {
			isa = PBXGroup;
			children = (
				C71BF682172D42E6004C228B /* SSKeychain.h */,
				C71BF683172D42E6004C228B /* SSKeychain.m */,
				C71BF684172D42E6004C228B /* SSKeychainQuery.h */,
				C71BF685172D42E6004C228B /* SSKeychainQuery.m */,
			);
			name = SSKeychain;
			sourceTree = "<group>";
		};
		C71BF68C1731BEE4004C228B /* Categories */ = {
			isa = PBXGroup;
			children = (
				C70028F916F37A5700D5B222 /* NSDictionary+JSONMapping.h */,
				C70028FA16F37A5700D5B222 /* NSDictionary+JSONMapping.m */,
				C71BF68D1731BF0D004C228B /* NSString+Atification.h */,
				C71BF68E1731BF0D004C228B /* NSString+Atification.m */,
			);
			name = Categories;
			sourceTree = "<group>";
		};
		C72BF7AE1710C91E00F0039D /* Formatters */ = {
			isa = PBXGroup;
			children = (
				C72BF7AD1710C91800F0039D /* WryFormatter.h */,
				C72BF7AF1710C96600F0039D /* TEXTFormatter.h */,
				C72BF7B01710C96600F0039D /* TEXTFormatter.m */,
				C72BF7B21710CA2700F0039D /* JSONFormatter.h */,
				C72BF7B31710CA2700F0039D /* JSONFormatter.m */,
				C72BF7B51711990B00F0039D /* ALFREDFormatter.h */,
				C72BF7B61711990B00F0039D /* ALFREDFormatter.m */,
				C7DB8E2817DBEDED004050BB /* BaseFormatter.h */,
				C7DB8E2917DBEDED004050BB /* BaseFormatter.m */,
			);
			name = Formatters;
			sourceTree = "<group>";
		};
		C7457506176E6AFC006B4893 /* Enhancers */ = {
			isa = PBXGroup;
			children = (
				C7457505176E6AF3006B4893 /* WryEnhancer.h */,
				C7457507176E6B5F006B4893 /* LinkEnhancer.h */,
				C7457508176E6B5F006B4893 /* LinkEnhancer.m */,
				C7D2967E177CA1F000649A29 /* TextTooLongEnhancer.h */,
				C7D2967F177CA1F000649A29 /* TextTooLongEnhancer.m */,
			);
			name = Enhancers;
			sourceTree = "<group>";
		};
		C784324E16EA02FA000DED40 = {
			isa = PBXGroup;
			children = (
				C784325C16EA02FA000DED40 /* wry */,
				C784325916EA02FA000DED40 /* Frameworks */,
				C784325816EA02FA000DED40 /* Products */,
			);
			sourceTree = "<group>";
		};
		C784325816EA02FA000DED40 /* Products */ = {
			isa = PBXGroup;
			children = (
				C784325716EA02FA000DED40 /* wry */,
			);
			name = Products;
			sourceTree = "<group>";
		};
		C784325916EA02FA000DED40 /* Frameworks */ = {
			isa = PBXGroup;
			children = (
				C784327B16EF4955000DED40 /* Security.framework */,
				C784325A16EA02FA000DED40 /* Foundation.framework */,
				7E741D72DB884AC0A9AC4C6E /* libPods.a */,
			);
			name = Frameworks;
			sourceTree = "<group>";
		};
		C784325C16EA02FA000DED40 /* wry */ = {
			isa = PBXGroup;
			children = (
				C71BF688172D42EC004C228B /* SSKeychain */,
				C784325D16EA02FA000DED40 /* main.m */,
				C784326116EA02FA000DED40 /* wry.1 */,
				C784325F16EA02FA000DED40 /* Supporting Files */,
				C784326B16EBBA16000DED40 /* Classes */,
			);
			path = wry;
			sourceTree = "<group>";
		};
		C784325F16EA02FA000DED40 /* Supporting Files */ = {
			isa = PBXGroup;
			children = (
				C784326016EA02FA000DED40 /* wry-Prefix.pch */,
			);
			name = "Supporting Files";
			sourceTree = "<group>";
		};
		C784326B16EBBA16000DED40 /* Classes */ = {
			isa = PBXGroup;
			children = (
				C71BF68C1731BEE4004C228B /* Categories */,
				C7457506176E6AFC006B4893 /* Enhancers */,
				C72BF7AE1710C91E00F0039D /* Formatters */,
				C784326F16ECB045000DED40 /* Commands */,
				C718D0C417A9A55D000ABF4E /* Settings */,
				C784328A16EF8AAF000DED40 /* ADN */,
				C784326816EBBA0F000DED40 /* WryApplication.h */,
				C784326916EBBA0F000DED40 /* WryApplication.m */,
				C744E4A4170277970002A9A5 /* WryUtils.h */,
				C744E4A51702779B0002A9A5 /* WryUtils.m */,
				C7CCEB7B16F695F6005DDBAB /* WryErrorCodes.h */,
				C71BF689172FD27C004C228B /* WrySettings.h */,
				C71BF68A172FD27C004C228B /* WrySettings.m */,
				C7457502176B822D006B4893 /* WryComposer.h */,
				C7457503176B822D006B4893 /* WryComposer.m */,
			);
			name = Classes;
			sourceTree = "<group>";
		};
		C784326F16ECB045000DED40 /* Commands */ = {
			isa = PBXGroup;
			children = (
				C7CEE0561760924C0028361F /* ChannelCommand.h */,
				C7CEE0571760924C0028361F /* ChannelCommand.m */,
				5F2376B9F411368597D162B3 /* PmCommand.h */,
				5F237CF25F16BE1AB595D370 /* PmCommand.m */,
				5F2376F60DE9FCFA48020C67 /* MessagesCommand.h */,
				5F23732DDFB65635F0971665 /* MessagesCommand.m */,
				C784327016ECB135000DED40 /* WryCommand.h */,
				C784327216ED2DF2000DED40 /* HelpCommand.h */,
				C784327316ED2DF2000DED40 /* HelpCommand.m */,
				C784327516EF2611000DED40 /* AuthorizeCommand.h */,
				C784327616EF2611000DED40 /* AuthorizeCommand.m */,
				C784329016EFE7B7000DED40 /* UserCommand.h */,
				C784329116EFE7B7000DED40 /* UserCommand.m */,
				C7CCEB6C16F5E3EE005DDBAB /* GlobalCommand.h */,
				C7CCEB6D16F5E3EE005DDBAB /* GlobalCommand.m */,
				C7CCEB6F16F5E7C9005DDBAB /* StreamCommand.h */,
				C7CCEB7016F5E7C9005DDBAB /* StreamCommand.m */,
				C7CCEB7516F5EBCF005DDBAB /* UnifiedCommand.h */,
				C7CCEB7616F5EBCF005DDBAB /* UnifiedCommand.m */,
				C7CCEB7816F60B83005DDBAB /* PostCommand.h */,
				C7CCEB7916F60B83005DDBAB /* PostCommand.m */,
				C744E46816FA853F0002A9A5 /* VersionCommand.h */,
				C744E46916FA85400002A9A5 /* VersionCommand.m */,
				C744E46B16FA8E2D0002A9A5 /* FollowersCommand.h */,
				C744E46C16FA8E2D0002A9A5 /* FollowersCommand.m */,
				C744E46E16FA9D010002A9A5 /* FollowingCommand.h */,
				C744E46F16FA9D010002A9A5 /* FollowingCommand.m */,
				C744E47116FA9F670002A9A5 /* FollowCommand.h */,
				C744E47216FA9F670002A9A5 /* FollowCommand.m */,
				C744E47416FB09B00002A9A5 /* ReplyCommand.h */,
				C744E47516FB09B00002A9A5 /* ReplyCommand.m */,
				C744E47716FC76EA0002A9A5 /* RepostCommand.h */,
				C744E47816FC76EA0002A9A5 /* RepostCommand.m */,
				C744E47A16FC8E900002A9A5 /* StarCommand.h */,
				C744E47B16FC8E900002A9A5 /* StarCommand.m */,
				C744E47D16FC932B0002A9A5 /* DeleteCommand.h */,
				C744E47E16FC932C0002A9A5 /* DeleteCommand.m */,
				C744E48017012B360002A9A5 /* ReadCommand.h */,
				C744E48117012B380002A9A5 /* ReadCommand.m */,
				C744E483170131950002A9A5 /* MentionsCommand.h */,
				C744E484170131970002A9A5 /* MentionsCommand.m */,
				C744E4861701B9390002A9A5 /* UnfollowCommand.h */,
				C744E4871701B93A0002A9A5 /* UnfollowCommand.m */,
				C744E4891701D5CE0002A9A5 /* MuteCommand.h */,
				C744E48A1701D5D00002A9A5 /* MuteCommand.m */,
				C744E48C1701D6830002A9A5 /* UnmuteCommand.h */,
				C744E48D1701D6850002A9A5 /* UnmuteCommand.m */,
				C744E48F1701DA530002A9A5 /* MutedCommand.h */,
				C744E4901701DA560002A9A5 /* MutedCommand.m */,
				C744E492170204EB0002A9A5 /* RepliesCommand.h */,
				C744E493170204EE0002A9A5 /* RepliesCommand.m */,
				C744E49517020ED60002A9A5 /* PostsCommand.h */,
				C744E49617020ED90002A9A5 /* PostsCommand.m */,
				C744E4981702308B0002A9A5 /* BlockCommand.h */,
				C744E4991702308E0002A9A5 /* BlockCommand.m */,
				C744E49B170230A20002A9A5 /* UnblockCommand.h */,
				C744E49C170230A40002A9A5 /* UnblockCommand.m */,
				C744E4A117025E1D0002A9A5 /* SearchCommand.h */,
				C744E4A217025E200002A9A5 /* SearchCommand.m */,
				C744E4A7170502E00002A9A5 /* FindCommand.h */,
				C744E4A8170502E50002A9A5 /* FindCommand.m */,
				C72BF7B81711F15700F0039D /* CommandsCommand.h */,
				C72BF7B91711F15700F0039D /* CommandsCommand.m */,
				5F237AFC9661EA6E24D76E41 /* UploadCommand.h */,
				5F2370C39D60AE168097C05C /* UploadCommand.m */,
				5F237B6DF4680829830666F9 /* LsCommand.h */,
				5F23700E04DD8F1511814264 /* LsCommand.m */,
				5F237C83E7993BD23B26CA42 /* DownloadCommand.h */,
				5F237A3B099660DF7F93200E /* DownloadCommand.m */,
				5F2374BAC4D93E3A7583A83B /* UsersCommand.h */,
				5F2371A2572D6E22B13CB3C8 /* UsersCommand.m */,
				C78C5BDC1740EA0C00F5C806 /* ChannelsCommand.h */,
				C78C5BDD1740EA0C00F5C806 /* ChannelsCommand.m */,
				C78C5BE81742471100F5C806 /* SendCommand.h */,
				C78C5BE91742471100F5C806 /* SendCommand.m */,
				C7CEE05917616D7D0028361F /* ChmodCommand.h */,
				C7CEE05A17616D7D0028361F /* ChmodCommand.m */,
				C7CEE05C17617AFE0028361F /* MvCommand.h */,
				C7CEE05D17617AFE0028361F /* MvCommand.m */,
				C7FDD65C17C7E57400EF9315 /* ConfigCommand.h */,
				C7FDD65D17C7E57400EF9315 /* ConfigCommand.m */,
				C7C60FB617DBCE8100006738 /* SettingsCommand.h */,
				C7C60FB717DBCE8100006738 /* SettingsCommand.m */,
				C7DB8E2517DBD7DF004050BB /* BaseCommand.h */,
				C7DB8E2617DBD7DF004050BB /* BaseCommand.m */,
				C7DB8E2B17DBEEF0004050BB /* FormattersCommand.h */,
				C7DB8E2C17DBEEF0004050BB /* FormattersCommand.m */,
			);
			name = Commands;
			sourceTree = "<group>";
		};
		C784328016EF856A000DED40 /* Models */ = {
			isa = PBXGroup;
			children = (
				5F2370EA3BE5E0ADEEB84CDE /* ADNMessage.h */,
				5F2375EF1A33A13AD2218C9A /* ADNMessage.m */,
				C784327D16EF8565000DED40 /* ADNPost.h */,
				C784327E16EF8565000DED40 /* ADNPost.m */,
				C784328116EF85A8000DED40 /* ADNUser.h */,
				C784328216EF85A8000DED40 /* ADNUser.m */,
				C70028F616F330DF00D5B222 /* ADNResponse.h */,
				C70028F716F330DF00D5B222 /* ADNResponse.m */,
				5F237CC24925193B771DADFA /* ADNUserDescription.h */,
				5F2379722EA1CB3B2969A792 /* ADNUserDescription.m */,
				5F2374343F648724555A4F33 /* ADNFile.h */,
				5F237098E0588D727AABD325 /* ADNFile.m */,
				C78C5BD61740E4E700F5C806 /* ADNChannel.h */,
				C78C5BD71740E4E700F5C806 /* ADNChannel.m */,
				C78C5BDF1740EED600F5C806 /* ADNAnnotation.h */,
				C78C5BE01740EED600F5C806 /* ADNAnnotation.m */,
				C78C5BE217423B3100F5C806 /* ADNAccessControlList.h */,
				C78C5BE317423B3200F5C806 /* ADNAccessControlList.m */,
				C7CEE05F1761FBE70028361F /* ADNHashtag.h */,
				C7CEE0601761FBE70028361F /* ADNHashtag.m */,
				C7CEE0621761FBF70028361F /* ADNLink.h */,
				C7CEE0631761FBF70028361F /* ADNLink.m */,
				C7D29638177A380B00649A29 /* ADNObject.h */,
				C7D29639177A380B00649A29 /* ADNObject.m */,
			);
			name = Models;
			sourceTree = "<group>";
		};
		C784328A16EF8AAF000DED40 /* ADN */ = {
			isa = PBXGroup;
			children = (
				C784328016EF856A000DED40 /* Models */,
				C784329316F0D8D4000DED40 /* ADNJSONMapping.h */,
				C784329416F0D8D4000DED40 /* ADNJSONMapping.m */,
				C784328716EF8AA8000DED40 /* ADNService.h */,
				C784328816EF8AA8000DED40 /* ADNService.m */,
				C784329716F0DC20000DED40 /* ADNMappingProvider.h */,
				C784329816F0DC21000DED40 /* ADNMappingProvider.m */,
				C73429CD1765F12D0022AEE2 /* ADNMappingEntry.h */,
				C73429CE1765F12D0022AEE2 /* ADNMappingEntry.m */,
			);
			name = ADN;
			sourceTree = "<group>";
		};
/* End PBXGroup section */

/* Begin PBXNativeTarget section */
		C784325616EA02FA000DED40 /* wry */ = {
			isa = PBXNativeTarget;
			buildConfigurationList = C784326516EA02FA000DED40 /* Build configuration list for PBXNativeTarget "wry" */;
			buildPhases = (
				C784325316EA02FA000DED40 /* Sources */,
				C784325416EA02FA000DED40 /* Frameworks */,
				C784325516EA02FA000DED40 /* CopyFiles */,
			);
			buildRules = (
			);
			dependencies = (
			);
			name = wry;
			productName = wry;
			productReference = C784325716EA02FA000DED40 /* wry */;
			productType = "com.apple.product-type.tool";
		};
/* End PBXNativeTarget section */

/* Begin PBXProject section */
		C784324F16EA02FA000DED40 /* Project object */ = {
			isa = PBXProject;
			attributes = {
				LastUpgradeCheck = 0500;
				ORGANIZATIONNAME = "Rob Warner";
			};
			buildConfigurationList = C784325216EA02FA000DED40 /* Build configuration list for PBXProject "wry" */;
			compatibilityVersion = "Xcode 3.2";
			developmentRegion = English;
			hasScannedForEncodings = 0;
			knownRegions = (
				en,
			);
			mainGroup = C784324E16EA02FA000DED40;
			productRefGroup = C784325816EA02FA000DED40 /* Products */;
			projectDirPath = "";
			projectRoot = "";
			targets = (
				C784325616EA02FA000DED40 /* wry */,
			);
		};
/* End PBXProject section */

/* Begin PBXSourcesBuildPhase section */
		C784325316EA02FA000DED40 /* Sources */ = {
			isa = PBXSourcesBuildPhase;
			buildActionMask = 2147483647;
			files = (
				C784325E16EA02FA000DED40 /* main.m in Sources */,
				C784326A16EBBA0F000DED40 /* WryApplication.m in Sources */,
				C784327416ED2DF2000DED40 /* HelpCommand.m in Sources */,
				C784327716EF2611000DED40 /* AuthorizeCommand.m in Sources */,
				C784327F16EF8565000DED40 /* ADNPost.m in Sources */,
				C7C60FBB17DBCF6C00006738 /* BaseSetting.m in Sources */,
				C784328316EF85A8000DED40 /* ADNUser.m in Sources */,
				C784328916EF8AA8000DED40 /* ADNService.m in Sources */,
				C784329216EFE7B7000DED40 /* UserCommand.m in Sources */,
				C7DB8E2717DBD7DF004050BB /* BaseCommand.m in Sources */,
				C784329516F0D8D4000DED40 /* ADNJSONMapping.m in Sources */,
				C784329916F0DC21000DED40 /* ADNMappingProvider.m in Sources */,
				C70028F816F330DF00D5B222 /* ADNResponse.m in Sources */,
				C70028FB16F37A5700D5B222 /* NSDictionary+JSONMapping.m in Sources */,
				5F237A0B0A517DB7EBE6926B /* ADNUserDescription.m in Sources */,
				C7CCEB6E16F5E3EE005DDBAB /* GlobalCommand.m in Sources */,
				C7CCEB7116F5E7C9005DDBAB /* StreamCommand.m in Sources */,
				C7CCEB7716F5EBCF005DDBAB /* UnifiedCommand.m in Sources */,
				C7CCEB7A16F60B83005DDBAB /* PostCommand.m in Sources */,
				C744E46A16FA85400002A9A5 /* VersionCommand.m in Sources */,
				C744E46D16FA8E2D0002A9A5 /* FollowersCommand.m in Sources */,
				C744E47016FA9D010002A9A5 /* FollowingCommand.m in Sources */,
				C744E47316FA9F670002A9A5 /* FollowCommand.m in Sources */,
				C744E47616FB09B10002A9A5 /* ReplyCommand.m in Sources */,
				C744E47916FC76EB0002A9A5 /* RepostCommand.m in Sources */,
				C744E47C16FC8E920002A9A5 /* StarCommand.m in Sources */,
				C744E47F16FC932D0002A9A5 /* DeleteCommand.m in Sources */,
				C744E48217012B3A0002A9A5 /* ReadCommand.m in Sources */,
				C744E485170131970002A9A5 /* MentionsCommand.m in Sources */,
				C744E4881701B93C0002A9A5 /* UnfollowCommand.m in Sources */,
				C744E48B1701D5D20002A9A5 /* MuteCommand.m in Sources */,
				C744E48E1701D6860002A9A5 /* UnmuteCommand.m in Sources */,
				C744E4911701DA590002A9A5 /* MutedCommand.m in Sources */,
				C744E494170204F10002A9A5 /* RepliesCommand.m in Sources */,
				C7DB8E3317E2502A004050BB /* ColorsSetting.m in Sources */,
				C744E49717020EDB0002A9A5 /* PostsCommand.m in Sources */,
				C744E49A170230920002A9A5 /* BlockCommand.m in Sources */,
				C744E49D170230A70002A9A5 /* UnblockCommand.m in Sources */,
				C744E4A317025E240002A9A5 /* SearchCommand.m in Sources */,
				C744E4A61702779F0002A9A5 /* WryUtils.m in Sources */,
				C744E4A9170502EA0002A9A5 /* FindCommand.m in Sources */,
				C72BF7B11710C96600F0039D /* TEXTFormatter.m in Sources */,
				C72BF7B41710CA2800F0039D /* JSONFormatter.m in Sources */,
				C72BF7B71711990B00F0039D /* ALFREDFormatter.m in Sources */,
				C72BF7BA1711F15700F0039D /* CommandsCommand.m in Sources */,
				5F23715462BFA09088A273A3 /* UploadCommand.m in Sources */,
				5F237680B822AEBA7696A403 /* ADNFile.m in Sources */,
				5F2375FF402AD8E87B23048B /* LsCommand.m in Sources */,
				C7DB8E2D17DBEEF0004050BB /* FormattersCommand.m in Sources */,
				5F2379E22EC302A454C800F8 /* DownloadCommand.m in Sources */,
				5F237C5E9AE7B797B3EB6E1C /* UsersCommand.m in Sources */,
				C71BF686172D42E6004C228B /* SSKeychain.m in Sources */,
				C71BF687172D42E6004C228B /* SSKeychainQuery.m in Sources */,
				C71BF68B172FD27C004C228B /* WrySettings.m in Sources */,
				C71BF68F1731BF0D004C228B /* NSString+Atification.m in Sources */,
				C7C60FB817DBCE8100006738 /* SettingsCommand.m in Sources */,
				5F237AC322044FFB6F4BFEA1 /* MessagesCommand.m in Sources */,
				5F23783D63A244A8236FF827 /* ADNMessage.m in Sources */,
				5F23788005A250218BC639A3 /* PmCommand.m in Sources */,
				C78C5BD81740E4E700F5C806 /* ADNChannel.m in Sources */,
				C78C5BDE1740EA0C00F5C806 /* ChannelsCommand.m in Sources */,
				C78C5BE11740EED600F5C806 /* ADNAnnotation.m in Sources */,
				C78C5BE417423B3200F5C806 /* ADNAccessControlList.m in Sources */,
				C78C5BEA1742471100F5C806 /* SendCommand.m in Sources */,
				C7CEE0581760924C0028361F /* ChannelCommand.m in Sources */,
				C7CEE05B17616D7D0028361F /* ChmodCommand.m in Sources */,
				C7CEE05E17617AFE0028361F /* MvCommand.m in Sources */,
				C7CEE0611761FBE70028361F /* ADNHashtag.m in Sources */,
				C7CEE0641761FBF70028361F /* ADNLink.m in Sources */,
				C73429CF1765F12D0022AEE2 /* ADNMappingEntry.m in Sources */,
				C7457504176B822D006B4893 /* WryComposer.m in Sources */,
				C7457509176E6B5F006B4893 /* LinkEnhancer.m in Sources */,
				C7D2963A177A380B00649A29 /* ADNObject.m in Sources */,
				C7D29680177CA1F000649A29 /* TextTooLongEnhancer.m in Sources */,
				C718D0C717A9A5E7000ABF4E /* DebugSetting.m in Sources */,
				C7DB8E2A17DBEDED004050BB /* BaseFormatter.m in Sources */,
				C726631417AC2E3E00B9B189 /* QuietSetting.m in Sources */,
				C726631717AC485800B9B189 /* PrettySetting.m in Sources */,
				C726631A17AC4A2E00B9B189 /* ReverseSetting.m in Sources */,
				C726631D17AC4ACD00B9B189 /* AnnotationsSetting.m in Sources */,
				C726632017AC4B4400B9B189 /* CountSetting.m in Sources */,
				C726632317AC4BE100B9B189 /* FormatSetting.m in Sources */,
				C726632617AC4CD800B9B189 /* UserSetting.m in Sources */,
				C716222E17B3DBD900AE9C6A /* LongSetting.m in Sources */,
				C709DC0217B85AA100D5E56D /* WryRange.m in Sources */,
				C7FDD65E17C7E57400EF9315 /* ConfigCommand.m in Sources */,
				C707E36717D35658005DB231 /* EditorSetting.m in Sources */,
				C707E36A17D35C30005DB231 /* SeparatorSetting.m in Sources */,
			);
			runOnlyForDeploymentPostprocessing = 0;
		};
/* End PBXSourcesBuildPhase section */

/* Begin XCBuildConfiguration section */
		C784326316EA02FA000DED40 /* Debug */ = {
			isa = XCBuildConfiguration;
			buildSettings = {
				ALWAYS_SEARCH_USER_PATHS = NO;
				CLANG_CXX_LANGUAGE_STANDARD = "gnu++0x";
				CLANG_CXX_LIBRARY = "libc++";
				CLANG_ENABLE_OBJC_ARC = YES;
				CLANG_WARN_CONSTANT_CONVERSION = YES;
				CLANG_WARN_EMPTY_BODY = YES;
				CLANG_WARN_ENUM_CONVERSION = YES;
				CLANG_WARN_INT_CONVERSION = YES;
				CLANG_WARN__DUPLICATE_METHOD_MATCH = YES;
				COPY_PHASE_STRIP = NO;
				GCC_C_LANGUAGE_STANDARD = gnu99;
				GCC_DYNAMIC_NO_PIC = NO;
				GCC_ENABLE_OBJC_EXCEPTIONS = YES;
				GCC_OPTIMIZATION_LEVEL = 0;
				GCC_PREPROCESSOR_DEFINITIONS = (
					"DEBUG=1",
					"$(inherited)",
				);
				GCC_SYMBOLS_PRIVATE_EXTERN = NO;
				GCC_WARN_64_TO_32_BIT_CONVERSION = YES;
				GCC_WARN_ABOUT_RETURN_TYPE = YES;
				GCC_WARN_UNINITIALIZED_AUTOS = YES;
				GCC_WARN_UNUSED_VARIABLE = YES;
				MACOSX_DEPLOYMENT_TARGET = 10.7;
				ONLY_ACTIVE_ARCH = YES;
				SDKROOT = macosx;
			};
			name = Debug;
		};
		C784326416EA02FA000DED40 /* Release */ = {
			isa = XCBuildConfiguration;
			buildSettings = {
				ALWAYS_SEARCH_USER_PATHS = NO;
				CLANG_CXX_LANGUAGE_STANDARD = "gnu++0x";
				CLANG_CXX_LIBRARY = "libc++";
				CLANG_ENABLE_OBJC_ARC = YES;
				CLANG_WARN_CONSTANT_CONVERSION = YES;
				CLANG_WARN_EMPTY_BODY = YES;
				CLANG_WARN_ENUM_CONVERSION = YES;
				CLANG_WARN_INT_CONVERSION = YES;
				CLANG_WARN__DUPLICATE_METHOD_MATCH = YES;
				COPY_PHASE_STRIP = YES;
				DEBUG_INFORMATION_FORMAT = "dwarf-with-dsym";
				GCC_C_LANGUAGE_STANDARD = gnu99;
				GCC_ENABLE_OBJC_EXCEPTIONS = YES;
				GCC_WARN_64_TO_32_BIT_CONVERSION = YES;
				GCC_WARN_ABOUT_RETURN_TYPE = YES;
				GCC_WARN_UNINITIALIZED_AUTOS = YES;
				GCC_WARN_UNUSED_VARIABLE = YES;
				MACOSX_DEPLOYMENT_TARGET = 10.7;
				SDKROOT = macosx;
			};
			name = Release;
		};
		C784326616EA02FA000DED40 /* Debug */ = {
			isa = XCBuildConfiguration;
			buildSettings = {
				GCC_PRECOMPILE_PREFIX_HEADER = YES;
				GCC_PREFIX_HEADER = "wry/wry-Prefix.pch";
				PRODUCT_NAME = "$(TARGET_NAME)";
				WARNING_CFLAGS = "-Wno-arc-performSelector-leaks";
			};
			name = Debug;
		};
		C784326716EA02FA000DED40 /* Release */ = {
			isa = XCBuildConfiguration;
			buildSettings = {
				GCC_PRECOMPILE_PREFIX_HEADER = YES;
				GCC_PREFIX_HEADER = "wry/wry-Prefix.pch";
				PRODUCT_NAME = "$(TARGET_NAME)";
				WARNING_CFLAGS = "-Wno-arc-performSelector-leaks";
			};
			name = Release;
		};
/* End XCBuildConfiguration section */

/* Begin XCConfigurationList section */
		C784325216EA02FA000DED40 /* Build configuration list for PBXProject "wry" */ = {
			isa = XCConfigurationList;
			buildConfigurations = (
				C784326316EA02FA000DED40 /* Debug */,
				C784326416EA02FA000DED40 /* Release */,
			);
			defaultConfigurationIsVisible = 0;
			defaultConfigurationName = Release;
		};
		C784326516EA02FA000DED40 /* Build configuration list for PBXNativeTarget "wry" */ = {
			isa = XCConfigurationList;
			buildConfigurations = (
				C784326616EA02FA000DED40 /* Debug */,
				C784326716EA02FA000DED40 /* Release */,
			);
			defaultConfigurationIsVisible = 0;
			defaultConfigurationName = Release;
		};
/* End XCConfigurationList section */
	};
	rootObject = C784324F16EA02FA000DED40 /* Project object */;
}
